// !$*UTF8*$!
{
	archiveVersion = 1;
	classes = {
	};
	objectVersion = 56;
	objects = {

/* Begin PBXBuildFile section */
		78DAA8342A7A31F800F77FD7 /* AppDelegate.swift in Sources */ = {isa = PBXBuildFile; fileRef = 78DAA8332A7A31F800F77FD7 /* AppDelegate.swift */; };
		78DAA8362A7A31F800F77FD7 /* SceneDelegate.swift in Sources */ = {isa = PBXBuildFile; fileRef = 78DAA8352A7A31F800F77FD7 /* SceneDelegate.swift */; };
		78DAA8382A7A31F800F77FD7 /* ViewController.swift in Sources */ = {isa = PBXBuildFile; fileRef = 78DAA8372A7A31F800F77FD7 /* ViewController.swift */; };
		78DAA83B2A7A31F800F77FD7 /* Main.storyboard in Resources */ = {isa = PBXBuildFile; fileRef = 78DAA8392A7A31F800F77FD7 /* Main.storyboard */; };
		78DAA83D2A7A31F800F77FD7 /* Assets.xcassets in Resources */ = {isa = PBXBuildFile; fileRef = 78DAA83C2A7A31F800F77FD7 /* Assets.xcassets */; };
		78DAA8402A7A31F800F77FD7 /* LaunchScreen.storyboard in Resources */ = {isa = PBXBuildFile; fileRef = 78DAA83E2A7A31F800F77FD7 /* LaunchScreen.storyboard */; };
		78DAA84B2A7A31F900F77FD7 /* GeumjiogyeopTests.swift in Sources */ = {isa = PBXBuildFile; fileRef = 78DAA84A2A7A31F900F77FD7 /* GeumjiogyeopTests.swift */; };
		78DAA8552A7A31F900F77FD7 /* GeumjiogyeopUITests.swift in Sources */ = {isa = PBXBuildFile; fileRef = 78DAA8542A7A31F900F77FD7 /* GeumjiogyeopUITests.swift */; };
		78DAA8572A7A31F900F77FD7 /* GeumjiogyeopUITestsLaunchTests.swift in Sources */ = {isa = PBXBuildFile; fileRef = 78DAA8562A7A31F900F77FD7 /* GeumjiogyeopUITestsLaunchTests.swift */; };
		78DAA8702A7A3BDB00F77FD7 /* loginStoryboard.storyboard in Resources */ = {isa = PBXBuildFile; fileRef = 78DAA86F2A7A3BDB00F77FD7 /* loginStoryboard.storyboard */; };
		78DAA8732A7A3C3D00F77FD7 /* loginViewController.swift in Sources */ = {isa = PBXBuildFile; fileRef = 78DAA8712A7A3BF200F77FD7 /* loginViewController.swift */; };
/* End PBXBuildFile section */

/* Begin PBXContainerItemProxy section */
		78DAA8472A7A31F900F77FD7 /* PBXContainerItemProxy */ = {
			isa = PBXContainerItemProxy;
			containerPortal = 78DAA8282A7A31F800F77FD7 /* Project object */;
			proxyType = 1;
			remoteGlobalIDString = 78DAA82F2A7A31F800F77FD7;
			remoteInfo = Geumjiogyeop;
		};
		78DAA8512A7A31F900F77FD7 /* PBXContainerItemProxy */ = {
			isa = PBXContainerItemProxy;
			containerPortal = 78DAA8282A7A31F800F77FD7 /* Project object */;
			proxyType = 1;
			remoteGlobalIDString = 78DAA82F2A7A31F800F77FD7;
			remoteInfo = Geumjiogyeop;
		};
/* End PBXContainerItemProxy section */

/* Begin PBXFileReference section */
		78DAA8302A7A31F800F77FD7 /* Geumjiogyeop.app */ = {isa = PBXFileReference; explicitFileType = wrapper.application; includeInIndex = 0; path = Geumjiogyeop.app; sourceTree = BUILT_PRODUCTS_DIR; };
		78DAA8332A7A31F800F77FD7 /* AppDelegate.swift */ = {isa = PBXFileReference; lastKnownFileType = sourcecode.swift; path = AppDelegate.swift; sourceTree = "<group>"; };
		78DAA8352A7A31F800F77FD7 /* SceneDelegate.swift */ = {isa = PBXFileReference; lastKnownFileType = sourcecode.swift; path = SceneDelegate.swift; sourceTree = "<group>"; };
		78DAA8372A7A31F800F77FD7 /* ViewController.swift */ = {isa = PBXFileReference; lastKnownFileType = sourcecode.swift; path = ViewController.swift; sourceTree = "<group>"; };
		78DAA83A2A7A31F800F77FD7 /* Base */ = {isa = PBXFileReference; lastKnownFileType = file.storyboard; name = Base; path = Base.lproj/Main.storyboard; sourceTree = "<group>"; };
		78DAA83C2A7A31F800F77FD7 /* Assets.xcassets */ = {isa = PBXFileReference; lastKnownFileType = folder.assetcatalog; path = Assets.xcassets; sourceTree = "<group>"; };
		78DAA83F2A7A31F800F77FD7 /* Base */ = {isa = PBXFileReference; lastKnownFileType = file.storyboard; name = Base; path = Base.lproj/LaunchScreen.storyboard; sourceTree = "<group>"; };
		78DAA8412A7A31F800F77FD7 /* Info.plist */ = {isa = PBXFileReference; lastKnownFileType = text.plist.xml; path = Info.plist; sourceTree = "<group>"; };
		78DAA8462A7A31F900F77FD7 /* GeumjiogyeopTests.xctest */ = {isa = PBXFileReference; explicitFileType = wrapper.cfbundle; includeInIndex = 0; path = GeumjiogyeopTests.xctest; sourceTree = BUILT_PRODUCTS_DIR; };
		78DAA84A2A7A31F900F77FD7 /* GeumjiogyeopTests.swift */ = {isa = PBXFileReference; lastKnownFileType = sourcecode.swift; path = GeumjiogyeopTests.swift; sourceTree = "<group>"; };
		78DAA8502A7A31F900F77FD7 /* GeumjiogyeopUITests.xctest */ = {isa = PBXFileReference; explicitFileType = wrapper.cfbundle; includeInIndex = 0; path = GeumjiogyeopUITests.xctest; sourceTree = BUILT_PRODUCTS_DIR; };
		78DAA8542A7A31F900F77FD7 /* GeumjiogyeopUITests.swift */ = {isa = PBXFileReference; lastKnownFileType = sourcecode.swift; path = GeumjiogyeopUITests.swift; sourceTree = "<group>"; };
		78DAA8562A7A31F900F77FD7 /* GeumjiogyeopUITestsLaunchTests.swift */ = {isa = PBXFileReference; lastKnownFileType = sourcecode.swift; path = GeumjiogyeopUITestsLaunchTests.swift; sourceTree = "<group>"; };
		78DAA86F2A7A3BDB00F77FD7 /* loginStoryboard.storyboard */ = {isa = PBXFileReference; lastKnownFileType = file.storyboard; name = loginStoryboard.storyboard; path = Geumjiogyeop/login/loginStoryboard.storyboard; sourceTree = SOURCE_ROOT; };
		78DAA8712A7A3BF200F77FD7 /* loginViewController.swift */ = {isa = PBXFileReference; lastKnownFileType = sourcecode.swift; name = loginViewController.swift; path = Geumjiogyeop/login/loginViewController.swift; sourceTree = SOURCE_ROOT; };
/* End PBXFileReference section */

/* Begin PBXFrameworksBuildPhase section */
		78DAA82D2A7A31F800F77FD7 /* Frameworks */ = {
			isa = PBXFrameworksBuildPhase;
			buildActionMask = 2147483647;
			files = (
			);
			runOnlyForDeploymentPostprocessing = 0;
		};
		78DAA8432A7A31F900F77FD7 /* Frameworks */ = {
			isa = PBXFrameworksBuildPhase;
			buildActionMask = 2147483647;
			files = (
			);
			runOnlyForDeploymentPostprocessing = 0;
		};
		78DAA84D2A7A31F900F77FD7 /* Frameworks */ = {
			isa = PBXFrameworksBuildPhase;
			buildActionMask = 2147483647;
			files = (
			);
			runOnlyForDeploymentPostprocessing = 0;
		};
/* End PBXFrameworksBuildPhase section */

/* Begin PBXGroup section */
		78DAA8272A7A31F800F77FD7 = {
			isa = PBXGroup;
			children = (
				78DAA8322A7A31F800F77FD7 /* Geumjiogyeop */,
				78DAA8492A7A31F900F77FD7 /* GeumjiogyeopTests */,
				78DAA8532A7A31F900F77FD7 /* GeumjiogyeopUITests */,
				78DAA8312A7A31F800F77FD7 /* Products */,
			);
			sourceTree = "<group>";
		};
		78DAA8312A7A31F800F77FD7 /* Products */ = {
			isa = PBXGroup;
			children = (
				78DAA8302A7A31F800F77FD7 /* Geumjiogyeop.app */,
				78DAA8462A7A31F900F77FD7 /* GeumjiogyeopTests.xctest */,
				78DAA8502A7A31F900F77FD7 /* GeumjiogyeopUITests.xctest */,
			);
			name = Products;
			sourceTree = "<group>";
		};
		78DAA8322A7A31F800F77FD7 /* Geumjiogyeop */ = {
			isa = PBXGroup;
			children = (
				78DAA8742A7A3C4700F77FD7 /* login */,
				78DAA8662A7A395B00F77FD7 /* report */,
				78DAA8682A7A39DD00F77FD7 /* today */,
				78DAA86A2A7A39F900F77FD7 /* service */,
				78DAA8692A7A39EB00F77FD7 /* myPage */,
				78DAA8642A7A38BE00F77FD7 /* signUp */,
				78DAA8632A7A389300F77FD7 /* main */,
				78DAA8672A7A399100F77FD7 /* interestNotice */,
				78DAA8332A7A31F800F77FD7 /* AppDelegate.swift */,
				78DAA8352A7A31F800F77FD7 /* SceneDelegate.swift */,
				78DAA8372A7A31F800F77FD7 /* ViewController.swift */,
				78DAA8392A7A31F800F77FD7 /* Main.storyboard */,
				78DAA83C2A7A31F800F77FD7 /* Assets.xcassets */,
				78DAA83E2A7A31F800F77FD7 /* LaunchScreen.storyboard */,
				78DAA8412A7A31F800F77FD7 /* Info.plist */,
			);
			path = Geumjiogyeop;
			sourceTree = "<group>";
		};
		78DAA8492A7A31F900F77FD7 /* GeumjiogyeopTests */ = {
			isa = PBXGroup;
			children = (
				78DAA84A2A7A31F900F77FD7 /* GeumjiogyeopTests.swift */,
			);
			path = GeumjiogyeopTests;
			sourceTree = "<group>";
		};
		78DAA8532A7A31F900F77FD7 /* GeumjiogyeopUITests */ = {
			isa = PBXGroup;
			children = (
				78DAA8542A7A31F900F77FD7 /* GeumjiogyeopUITests.swift */,
				78DAA8562A7A31F900F77FD7 /* GeumjiogyeopUITestsLaunchTests.swift */,
			);
			path = GeumjiogyeopUITests;
			sourceTree = "<group>";
		};
		78DAA8632A7A389300F77FD7 /* main */ = {
			isa = PBXGroup;
			children = (
			);
			path = main;
			sourceTree = "<group>";
		};
		78DAA8642A7A38BE00F77FD7 /* signUp */ = {
			isa = PBXGroup;
			children = (
			);
			path = signUp;
			sourceTree = "<group>";
		};
		78DAA8662A7A395B00F77FD7 /* report */ = {
			isa = PBXGroup;
			children = (
			);
			path = report;
			sourceTree = "<group>";
		};
		78DAA8672A7A399100F77FD7 /* interestNotice */ = {
			isa = PBXGroup;
			children = (
			);
			path = interestNotice;
			sourceTree = "<group>";
		};
		78DAA8682A7A39DD00F77FD7 /* today */ = {
			isa = PBXGroup;
			children = (
			);
			path = today;
			sourceTree = "<group>";
		};
		78DAA8692A7A39EB00F77FD7 /* myPage */ = {
			isa = PBXGroup;
			children = (
			);
			path = myPage;
			sourceTree = "<group>";
		};
		78DAA86A2A7A39F900F77FD7 /* service */ = {
			isa = PBXGroup;
			children = (
			);
			path = service;
			sourceTree = "<group>";
		};
		78DAA8742A7A3C4700F77FD7 /* login */ = {
			isa = PBXGroup;
			children = (
				78DAA86F2A7A3BDB00F77FD7 /* loginStoryboard.storyboard */,
				78DAA8712A7A3BF200F77FD7 /* loginViewController.swift */,
			);
			path = login;
			sourceTree = "<group>";
		};
/* End PBXGroup section */

/* Begin PBXNativeTarget section */
		78DAA82F2A7A31F800F77FD7 /* Geumjiogyeop */ = {
			isa = PBXNativeTarget;
			buildConfigurationList = 78DAA85A2A7A31F900F77FD7 /* Build configuration list for PBXNativeTarget "Geumjiogyeop" */;
			buildPhases = (
				78DAA82C2A7A31F800F77FD7 /* Sources */,
				78DAA82D2A7A31F800F77FD7 /* Frameworks */,
				78DAA82E2A7A31F800F77FD7 /* Resources */,
			);
			buildRules = (
			);
			dependencies = (
			);
			name = Geumjiogyeop;
			productName = Geumjiogyeop;
			productReference = 78DAA8302A7A31F800F77FD7 /* Geumjiogyeop.app */;
			productType = "com.apple.product-type.application";
		};
		78DAA8452A7A31F900F77FD7 /* GeumjiogyeopTests */ = {
			isa = PBXNativeTarget;
			buildConfigurationList = 78DAA85D2A7A31F900F77FD7 /* Build configuration list for PBXNativeTarget "GeumjiogyeopTests" */;
			buildPhases = (
				78DAA8422A7A31F900F77FD7 /* Sources */,
				78DAA8432A7A31F900F77FD7 /* Frameworks */,
				78DAA8442A7A31F900F77FD7 /* Resources */,
			);
			buildRules = (
			);
			dependencies = (
				78DAA8482A7A31F900F77FD7 /* PBXTargetDependency */,
			);
			name = GeumjiogyeopTests;
			productName = GeumjiogyeopTests;
			productReference = 78DAA8462A7A31F900F77FD7 /* GeumjiogyeopTests.xctest */;
			productType = "com.apple.product-type.bundle.unit-test";
		};
		78DAA84F2A7A31F900F77FD7 /* GeumjiogyeopUITests */ = {
			isa = PBXNativeTarget;
			buildConfigurationList = 78DAA8602A7A31F900F77FD7 /* Build configuration list for PBXNativeTarget "GeumjiogyeopUITests" */;
			buildPhases = (
				78DAA84C2A7A31F900F77FD7 /* Sources */,
				78DAA84D2A7A31F900F77FD7 /* Frameworks */,
				78DAA84E2A7A31F900F77FD7 /* Resources */,
			);
			buildRules = (
			);
			dependencies = (
				78DAA8522A7A31F900F77FD7 /* PBXTargetDependency */,
			);
			name = GeumjiogyeopUITests;
			productName = GeumjiogyeopUITests;
			productReference = 78DAA8502A7A31F900F77FD7 /* GeumjiogyeopUITests.xctest */;
			productType = "com.apple.product-type.bundle.ui-testing";
		};
/* End PBXNativeTarget section */

/* Begin PBXProject section */
		78DAA8282A7A31F800F77FD7 /* Project object */ = {
			isa = PBXProject;
			attributes = {
				BuildIndependentTargetsInParallel = 1;
				LastSwiftUpdateCheck = 1420;
				LastUpgradeCheck = 1420;
				TargetAttributes = {
					78DAA82F2A7A31F800F77FD7 = {
						CreatedOnToolsVersion = 14.2;
					};
					78DAA8452A7A31F900F77FD7 = {
						CreatedOnToolsVersion = 14.2;
						TestTargetID = 78DAA82F2A7A31F800F77FD7;
					};
					78DAA84F2A7A31F900F77FD7 = {
						CreatedOnToolsVersion = 14.2;
						TestTargetID = 78DAA82F2A7A31F800F77FD7;
					};
				};
			};
			buildConfigurationList = 78DAA82B2A7A31F800F77FD7 /* Build configuration list for PBXProject "Geumjiogyeop" */;
			compatibilityVersion = "Xcode 14.0";
			developmentRegion = en;
			hasScannedForEncodings = 0;
			knownRegions = (
				en,
				Base,
			);
			mainGroup = 78DAA8272A7A31F800F77FD7;
			productRefGroup = 78DAA8312A7A31F800F77FD7 /* Products */;
			projectDirPath = "";
			projectRoot = "";
			targets = (
				78DAA82F2A7A31F800F77FD7 /* Geumjiogyeop */,
				78DAA8452A7A31F900F77FD7 /* GeumjiogyeopTests */,
				78DAA84F2A7A31F900F77FD7 /* GeumjiogyeopUITests */,
			);
		};
/* End PBXProject section */

/* Begin PBXResourcesBuildPhase section */
		78DAA82E2A7A31F800F77FD7 /* Resources */ = {
			isa = PBXResourcesBuildPhase;
			buildActionMask = 2147483647;
			files = (
				78DAA8402A7A31F800F77FD7 /* LaunchScreen.storyboard in Resources */,
				78DAA83D2A7A31F800F77FD7 /* Assets.xcassets in Resources */,
				78DAA83B2A7A31F800F77FD7 /* Main.storyboard in Resources */,
				78DAA8702A7A3BDB00F77FD7 /* loginStoryboard.storyboard in Resources */,
			);
			runOnlyForDeploymentPostprocessing = 0;
		};
		78DAA8442A7A31F900F77FD7 /* Resources */ = {
			isa = PBXResourcesBuildPhase;
			buildActionMask = 2147483647;
			files = (
			);
			runOnlyForDeploymentPostprocessing = 0;
		};
		78DAA84E2A7A31F900F77FD7 /* Resources */ = {
			isa = PBXResourcesBuildPhase;
			buildActionMask = 2147483647;
			files = (
			);
			runOnlyForDeploymentPostprocessing = 0;
		};
/* End PBXResourcesBuildPhase section */

/* Begin PBXSourcesBuildPhase section */
		78DAA82C2A7A31F800F77FD7 /* Sources */ = {
			isa = PBXSourcesBuildPhase;
			buildActionMask = 2147483647;
			files = (
				78DAA8382A7A31F800F77FD7 /* ViewController.swift in Sources */,
				78DAA8342A7A31F800F77FD7 /* AppDelegate.swift in Sources */,
				78DAA8362A7A31F800F77FD7 /* SceneDelegate.swift in Sources */,
			);
			runOnlyForDeploymentPostprocessing = 0;
		};
		78DAA8422A7A31F900F77FD7 /* Sources */ = {
			isa = PBXSourcesBuildPhase;
			buildActionMask = 2147483647;
			files = (
				78DAA84B2A7A31F900F77FD7 /* GeumjiogyeopTests.swift in Sources */,
			);
			runOnlyForDeploymentPostprocessing = 0;
		};
		78DAA84C2A7A31F900F77FD7 /* Sources */ = {
			isa = PBXSourcesBuildPhase;
			buildActionMask = 2147483647;
			files = (
				78DAA8572A7A31F900F77FD7 /* GeumjiogyeopUITestsLaunchTests.swift in Sources */,
				78DAA8552A7A31F900F77FD7 /* GeumjiogyeopUITests.swift in Sources */,
				78DAA8732A7A3C3D00F77FD7 /* loginViewController.swift in Sources */,
			);
			runOnlyForDeploymentPostprocessing = 0;
		};
/* End PBXSourcesBuildPhase section */

/* Begin PBXTargetDependency section */
		78DAA8482A7A31F900F77FD7 /* PBXTargetDependency */ = {
			isa = PBXTargetDependency;
			target = 78DAA82F2A7A31F800F77FD7 /* Geumjiogyeop */;
			targetProxy = 78DAA8472A7A31F900F77FD7 /* PBXContainerItemProxy */;
		};
		78DAA8522A7A31F900F77FD7 /* PBXTargetDependency */ = {
			isa = PBXTargetDependency;
			target = 78DAA82F2A7A31F800F77FD7 /* Geumjiogyeop */;
			targetProxy = 78DAA8512A7A31F900F77FD7 /* PBXContainerItemProxy */;
		};
/* End PBXTargetDependency section */

/* Begin PBXVariantGroup section */
		78DAA8392A7A31F800F77FD7 /* Main.storyboard */ = {
			isa = PBXVariantGroup;
			children = (
				78DAA83A2A7A31F800F77FD7 /* Base */,
			);
			name = Main.storyboard;
			sourceTree = "<group>";
		};
		78DAA83E2A7A31F800F77FD7 /* LaunchScreen.storyboard */ = {
			isa = PBXVariantGroup;
			children = (
				78DAA83F2A7A31F800F77FD7 /* Base */,
			);
			name = LaunchScreen.storyboard;
			sourceTree = "<group>";
		};
/* End PBXVariantGroup section */

/* Begin XCBuildConfiguration section */
		78DAA8582A7A31F900F77FD7 /* Debug */ = {
			isa = XCBuildConfiguration;
			buildSettings = {
				ALWAYS_SEARCH_USER_PATHS = NO;
				CLANG_ANALYZER_NONNULL = YES;
				CLANG_ANALYZER_NUMBER_OBJECT_CONVERSION = YES_AGGRESSIVE;
				CLANG_CXX_LANGUAGE_STANDARD = "gnu++20";
				CLANG_ENABLE_MODULES = YES;
				CLANG_ENABLE_OBJC_ARC = YES;
				CLANG_ENABLE_OBJC_WEAK = YES;
				CLANG_WARN_BLOCK_CAPTURE_AUTORELEASING = YES;
				CLANG_WARN_BOOL_CONVERSION = YES;
				CLANG_WARN_COMMA = YES;
				CLANG_WARN_CONSTANT_CONVERSION = YES;
				CLANG_WARN_DEPRECATED_OBJC_IMPLEMENTATIONS = YES;
				CLANG_WARN_DIRECT_OBJC_ISA_USAGE = YES_ERROR;
				CLANG_WARN_DOCUMENTATION_COMMENTS = YES;
				CLANG_WARN_EMPTY_BODY = YES;
				CLANG_WARN_ENUM_CONVERSION = YES;
				CLANG_WARN_INFINITE_RECURSION = YES;
				CLANG_WARN_INT_CONVERSION = YES;
				CLANG_WARN_NON_LITERAL_NULL_CONVERSION = YES;
				CLANG_WARN_OBJC_IMPLICIT_RETAIN_SELF = YES;
				CLANG_WARN_OBJC_LITERAL_CONVERSION = YES;
				CLANG_WARN_OBJC_ROOT_CLASS = YES_ERROR;
				CLANG_WARN_QUOTED_INCLUDE_IN_FRAMEWORK_HEADER = YES;
				CLANG_WARN_RANGE_LOOP_ANALYSIS = YES;
				CLANG_WARN_STRICT_PROTOTYPES = YES;
				CLANG_WARN_SUSPICIOUS_MOVE = YES;
				CLANG_WARN_UNGUARDED_AVAILABILITY = YES_AGGRESSIVE;
				CLANG_WARN_UNREACHABLE_CODE = YES;
				CLANG_WARN__DUPLICATE_METHOD_MATCH = YES;
				COPY_PHASE_STRIP = NO;
				DEBUG_INFORMATION_FORMAT = dwarf;
				ENABLE_STRICT_OBJC_MSGSEND = YES;
				ENABLE_TESTABILITY = YES;
				GCC_C_LANGUAGE_STANDARD = gnu11;
				GCC_DYNAMIC_NO_PIC = NO;
				GCC_NO_COMMON_BLOCKS = YES;
				GCC_OPTIMIZATION_LEVEL = 0;
				GCC_PREPROCESSOR_DEFINITIONS = (
					"DEBUG=1",
					"$(inherited)",
				);
				GCC_WARN_64_TO_32_BIT_CONVERSION = YES;
				GCC_WARN_ABOUT_RETURN_TYPE = YES_ERROR;
				GCC_WARN_UNDECLARED_SELECTOR = YES;
				GCC_WARN_UNINITIALIZED_AUTOS = YES_AGGRESSIVE;
				GCC_WARN_UNUSED_FUNCTION = YES;
				GCC_WARN_UNUSED_VARIABLE = YES;
				IPHONEOS_DEPLOYMENT_TARGET = 16.2;
				MTL_ENABLE_DEBUG_INFO = INCLUDE_SOURCE;
				MTL_FAST_MATH = YES;
				ONLY_ACTIVE_ARCH = YES;
				SDKROOT = iphoneos;
				SWIFT_ACTIVE_COMPILATION_CONDITIONS = DEBUG;
				SWIFT_OPTIMIZATION_LEVEL = "-Onone";
			};
			name = Debug;
		};
		78DAA8592A7A31F900F77FD7 /* Release */ = {
			isa = XCBuildConfiguration;
			buildSettings = {
				ALWAYS_SEARCH_USER_PATHS = NO;
				CLANG_ANALYZER_NONNULL = YES;
				CLANG_ANALYZER_NUMBER_OBJECT_CONVERSION = YES_AGGRESSIVE;
				CLANG_CXX_LANGUAGE_STANDARD = "gnu++20";
				CLANG_ENABLE_MODULES = YES;
				CLANG_ENABLE_OBJC_ARC = YES;
				CLANG_ENABLE_OBJC_WEAK = YES;
				CLANG_WARN_BLOCK_CAPTURE_AUTORELEASING = YES;
				CLANG_WARN_BOOL_CONVERSION = YES;
				CLANG_WARN_COMMA = YES;
				CLANG_WARN_CONSTANT_CONVERSION = YES;
				CLANG_WARN_DEPRECATED_OBJC_IMPLEMENTATIONS = YES;
				CLANG_WARN_DIRECT_OBJC_ISA_USAGE = YES_ERROR;
				CLANG_WARN_DOCUMENTATION_COMMENTS = YES;
				CLANG_WARN_EMPTY_BODY = YES;
				CLANG_WARN_ENUM_CONVERSION = YES;
				CLANG_WARN_INFINITE_RECURSION = YES;
				CLANG_WARN_INT_CONVERSION = YES;
				CLANG_WARN_NON_LITERAL_NULL_CONVERSION = YES;
				CLANG_WARN_OBJC_IMPLICIT_RETAIN_SELF = YES;
				CLANG_WARN_OBJC_LITERAL_CONVERSION = YES;
				CLANG_WARN_OBJC_ROOT_CLASS = YES_ERROR;
				CLANG_WARN_QUOTED_INCLUDE_IN_FRAMEWORK_HEADER = YES;
				CLANG_WARN_RANGE_LOOP_ANALYSIS = YES;
				CLANG_WARN_STRICT_PROTOTYPES = YES;
				CLANG_WARN_SUSPICIOUS_MOVE = YES;
				CLANG_WARN_UNGUARDED_AVAILABILITY = YES_AGGRESSIVE;
				CLANG_WARN_UNREACHABLE_CODE = YES;
				CLANG_WARN__DUPLICATE_METHOD_MATCH = YES;
				COPY_PHASE_STRIP = NO;
				DEBUG_INFORMATION_FORMAT = "dwarf-with-dsym";
				ENABLE_NS_ASSERTIONS = NO;
				ENABLE_STRICT_OBJC_MSGSEND = YES;
				GCC_C_LANGUAGE_STANDARD = gnu11;
				GCC_NO_COMMON_BLOCKS = YES;
				GCC_WARN_64_TO_32_BIT_CONVERSION = YES;
				GCC_WARN_ABOUT_RETURN_TYPE = YES_ERROR;
				GCC_WARN_UNDECLARED_SELECTOR = YES;
				GCC_WARN_UNINITIALIZED_AUTOS = YES_AGGRESSIVE;
				GCC_WARN_UNUSED_FUNCTION = YES;
				GCC_WARN_UNUSED_VARIABLE = YES;
				IPHONEOS_DEPLOYMENT_TARGET = 16.2;
				MTL_ENABLE_DEBUG_INFO = NO;
				MTL_FAST_MATH = YES;
				SDKROOT = iphoneos;
				SWIFT_COMPILATION_MODE = wholemodule;
				SWIFT_OPTIMIZATION_LEVEL = "-O";
				VALIDATE_PRODUCT = YES;
			};
			name = Release;
		};
		78DAA85B2A7A31F900F77FD7 /* Debug */ = {
			isa = XCBuildConfiguration;
			buildSettings = {
				ASSETCATALOG_COMPILER_APPICON_NAME = AppIcon;
				ASSETCATALOG_COMPILER_GLOBAL_ACCENT_COLOR_NAME = AccentColor;
				CODE_SIGN_STYLE = Automatic;
				CURRENT_PROJECT_VERSION = 1;
				GENERATE_INFOPLIST_FILE = YES;
				INFOPLIST_FILE = Geumjiogyeop/Info.plist;
				INFOPLIST_KEY_UIApplicationSupportsIndirectInputEvents = YES;
				INFOPLIST_KEY_UILaunchStoryboardName = LaunchScreen;
				INFOPLIST_KEY_UIMainStoryboardFile = Main;
				INFOPLIST_KEY_UISupportedInterfaceOrientations_iPad = "UIInterfaceOrientationPortrait UIInterfaceOrientationPortraitUpsideDown UIInterfaceOrientationLandscapeLeft UIInterfaceOrientationLandscapeRight";
				INFOPLIST_KEY_UISupportedInterfaceOrientations_iPhone = "UIInterfaceOrientationPortrait UIInterfaceOrientationLandscapeLeft UIInterfaceOrientationLandscapeRight";
				LD_RUNPATH_SEARCH_PATHS = (
					"$(inherited)",
					"@executable_path/Frameworks",
				);
				MARKETING_VERSION = 1.0;
				PRODUCT_BUNDLE_IDENTIFIER = "Lee-seoyeon.Geumjiogyeop";
				PRODUCT_NAME = "$(TARGET_NAME)";
				SWIFT_EMIT_LOC_STRINGS = YES;
				SWIFT_VERSION = 5.0;
				TARGETED_DEVICE_FAMILY = "1,2";
			};
			name = Debug;
		};
		78DAA85C2A7A31F900F77FD7 /* Release */ = {
			isa = XCBuildConfiguration;
			buildSettings = {
				ASSETCATALOG_COMPILER_APPICON_NAME = AppIcon;
				ASSETCATALOG_COMPILER_GLOBAL_ACCENT_COLOR_NAME = AccentColor;
				CODE_SIGN_STYLE = Automatic;
				CURRENT_PROJECT_VERSION = 1;
				GENERATE_INFOPLIST_FILE = YES;
				INFOPLIST_FILE = Geumjiogyeop/Info.plist;
				INFOPLIST_KEY_UIApplicationSupportsIndirectInputEvents = YES;
				INFOPLIST_KEY_UILaunchStoryboardName = LaunchScreen;
				INFOPLIST_KEY_UIMainStoryboardFile = Main;
				INFOPLIST_KEY_UISupportedInterfaceOrientations_iPad = "UIInterfaceOrientationPortrait UIInterfaceOrientationPortraitUpsideDown UIInterfaceOrientationLandscapeLeft UIInterfaceOrientationLandscapeRight";
				INFOPLIST_KEY_UISupportedInterfaceOrientations_iPhone = "UIInterfaceOrientationPortrait UIInterfaceOrientationLandscapeLeft UIInterfaceOrientationLandscapeRight";
				LD_RUNPATH_SEARCH_PATHS = (
					"$(inherited)",
					"@executable_path/Frameworks",
				);
				MARKETING_VERSION = 1.0;
				PRODUCT_BUNDLE_IDENTIFIER = "Lee-seoyeon.Geumjiogyeop";
				PRODUCT_NAME = "$(TARGET_NAME)";
				SWIFT_EMIT_LOC_STRINGS = YES;
				SWIFT_VERSION = 5.0;
				TARGETED_DEVICE_FAMILY = "1,2";
			};
			name = Release;
		};
		78DAA85E2A7A31F900F77FD7 /* Debug */ = {
			isa = XCBuildConfiguration;
			buildSettings = {
				ALWAYS_EMBED_SWIFT_STANDARD_LIBRARIES = YES;
				BUNDLE_LOADER = "$(TEST_HOST)";
				CODE_SIGN_STYLE = Automatic;
				CURRENT_PROJECT_VERSION = 1;
				GENERATE_INFOPLIST_FILE = YES;
				IPHONEOS_DEPLOYMENT_TARGET = 16.2;
				MARKETING_VERSION = 1.0;
				PRODUCT_BUNDLE_IDENTIFIER = "Lee-seoyeon.GeumjiogyeopTests";
				PRODUCT_NAME = "$(TARGET_NAME)";
				SWIFT_EMIT_LOC_STRINGS = NO;
				SWIFT_VERSION = 5.0;
				TARGETED_DEVICE_FAMILY = "1,2";
				TEST_HOST = "$(BUILT_PRODUCTS_DIR)/Geumjiogyeop.app/$(BUNDLE_EXECUTABLE_FOLDER_PATH)/Geumjiogyeop";
			};
			name = Debug;
		};
		78DAA85F2A7A31F900F77FD7 /* Release */ = {
			isa = XCBuildConfiguration;
			buildSettings = {
				ALWAYS_EMBED_SWIFT_STANDARD_LIBRARIES = YES;
				BUNDLE_LOADER = "$(TEST_HOST)";
				CODE_SIGN_STYLE = Automatic;
				CURRENT_PROJECT_VERSION = 1;
				GENERATE_INFOPLIST_FILE = YES;
				IPHONEOS_DEPLOYMENT_TARGET = 16.2;
				MARKETING_VERSION = 1.0;
				PRODUCT_BUNDLE_IDENTIFIER = "Lee-seoyeon.GeumjiogyeopTests";
				PRODUCT_NAME = "$(TARGET_NAME)";
				SWIFT_EMIT_LOC_STRINGS = NO;
				SWIFT_VERSION = 5.0;
				TARGETED_DEVICE_FAMILY = "1,2";
				TEST_HOST = "$(BUILT_PRODUCTS_DIR)/Geumjiogyeop.app/$(BUNDLE_EXECUTABLE_FOLDER_PATH)/Geumjiogyeop";
			};
			name = Release;
		};
		78DAA8612A7A31F900F77FD7 /* Debug */ = {
			isa = XCBuildConfiguration;
			buildSettings = {
				ALWAYS_EMBED_SWIFT_STANDARD_LIBRARIES = YES;
				CODE_SIGN_STYLE = Automatic;
				CURRENT_PROJECT_VERSION = 1;
				GENERATE_INFOPLIST_FILE = YES;
				MARKETING_VERSION = 1.0;
				PRODUCT_BUNDLE_IDENTIFIER = "Lee-seoyeon.GeumjiogyeopUITests";
				PRODUCT_NAME = "$(TARGET_NAME)";
				SWIFT_EMIT_LOC_STRINGS = NO;
				SWIFT_VERSION = 5.0;
				TARGETED_DEVICE_FAMILY = "1,2";
				TEST_TARGET_NAME = Geumjiogyeop;
			};
			name = Debug;
		};
		78DAA8622A7A31F900F77FD7 /* Release */ = {
			isa = XCBuildConfiguration;
			buildSettings = {
				ALWAYS_EMBED_SWIFT_STANDARD_LIBRARIES = YES;
				CODE_SIGN_STYLE = Automatic;
				CURRENT_PROJECT_VERSION = 1;
				GENERATE_INFOPLIST_FILE = YES;
				MARKETING_VERSION = 1.0;
				PRODUCT_BUNDLE_IDENTIFIER = "Lee-seoyeon.GeumjiogyeopUITests";
				PRODUCT_NAME = "$(TARGET_NAME)";
				SWIFT_EMIT_LOC_STRINGS = NO;
				SWIFT_VERSION = 5.0;
				TARGETED_DEVICE_FAMILY = "1,2";
				TEST_TARGET_NAME = Geumjiogyeop;
			};
			name = Release;
		};
/* End XCBuildConfiguration section */

/* Begin XCConfigurationList section */
		78DAA82B2A7A31F800F77FD7 /* Build configuration list for PBXProject "Geumjiogyeop" */ = {
			isa = XCConfigurationList;
			buildConfigurations = (
				78DAA8582A7A31F900F77FD7 /* Debug */,
				78DAA8592A7A31F900F77FD7 /* Release */,
			);
			defaultConfigurationIsVisible = 0;
			defaultConfigurationName = Release;
		};
		78DAA85A2A7A31F900F77FD7 /* Build configuration list for PBXNativeTarget "Geumjiogyeop" */ = {
			isa = XCConfigurationList;
			buildConfigurations = (
				78DAA85B2A7A31F900F77FD7 /* Debug */,
				78DAA85C2A7A31F900F77FD7 /* Release */,
			);
			defaultConfigurationIsVisible = 0;
			defaultConfigurationName = Release;
		};
		78DAA85D2A7A31F900F77FD7 /* Build configuration list for PBXNativeTarget "GeumjiogyeopTests" */ = {
			isa = XCConfigurationList;
			buildConfigurations = (
				78DAA85E2A7A31F900F77FD7 /* Debug */,
				78DAA85F2A7A31F900F77FD7 /* Release */,
			);
			defaultConfigurationIsVisible = 0;
			defaultConfigurationName = Release;
		};
		78DAA8602A7A31F900F77FD7 /* Build configuration list for PBXNativeTarget "GeumjiogyeopUITests" */ = {
			isa = XCConfigurationList;
			buildConfigurations = (
				78DAA8612A7A31F900F77FD7 /* Debug */,
				78DAA8622A7A31F900F77FD7 /* Release */,
			);
			defaultConfigurationIsVisible = 0;
			defaultConfigurationName = Release;
		};
/* End XCConfigurationList section */
	};
	rootObject = 78DAA8282A7A31F800F77FD7 /* Project object */;
}
