// !$*UTF8*$!
{
	archiveVersion = 1;
	classes = {
	};
	objectVersion = 56;
	objects = {

/* Begin PBXBuildFile section */
		78311C752A8553EE000A4C58 /* DetailViewController.swift in Sources */ = {isa = PBXBuildFile; fileRef = 78311C742A8553EE000A4C58 /* DetailViewController.swift */; };
		7840D06D2A8D5547009F7D37 /* PhoneViewController.swift in Sources */ = {isa = PBXBuildFile; fileRef = 7840D06C2A8D5547009F7D37 /* PhoneViewController.swift */; };
		78767FDE2A8A786400E628CF /* RightPaddingLabel.swift in Sources */ = {isa = PBXBuildFile; fileRef = 78767FDD2A8A786400E628CF /* RightPaddingLabel.swift */; };
		78767FE02A8A790600E628CF /* LeftPaddingLabel.swift in Sources */ = {isa = PBXBuildFile; fileRef = 78767FDF2A8A790600E628CF /* LeftPaddingLabel.swift */; };
		78767FE32A8BCCA100E628CF /* ModifyViewController.swift in Sources */ = {isa = PBXBuildFile; fileRef = 78767FE22A8BCCA100E628CF /* ModifyViewController.swift */; };
		78B614302A87D89A0011D7AE /* loginViewController.swift in Sources */ = {isa = PBXBuildFile; fileRef = 78B6142F2A87D89A0011D7AE /* loginViewController.swift */; };
		78B614322A87E2D70011D7AE /* SignUpViewController.swift in Sources */ = {isa = PBXBuildFile; fileRef = 78B614312A87E2D70011D7AE /* SignUpViewController.swift */; };
		78B614342A87E5280011D7AE /* AgreeViewController.swift in Sources */ = {isa = PBXBuildFile; fileRef = 78B614332A87E5280011D7AE /* AgreeViewController.swift */; };
		78B614362A8A3AAC0011D7AE /* writePostViewController.swift in Sources */ = {isa = PBXBuildFile; fileRef = 78B614352A8A3AAC0011D7AE /* writePostViewController.swift */; };
		78B6143B2A8A3BF60011D7AE /* manageStoryboard.storyboard in Resources */ = {isa = PBXBuildFile; fileRef = 78B6143A2A8A3BF60011D7AE /* manageStoryboard.storyboard */; };
		78B6143E2A8A3C1E0011D7AE /* ManageViewController.swift in Sources */ = {isa = PBXBuildFile; fileRef = 78B6143D2A8A3C1E0011D7AE /* ManageViewController.swift */; };
		78DAA8342A7A31F800F77FD7 /* AppDelegate.swift in Sources */ = {isa = PBXBuildFile; fileRef = 78DAA8332A7A31F800F77FD7 /* AppDelegate.swift */; };
		78DAA8362A7A31F800F77FD7 /* SceneDelegate.swift in Sources */ = {isa = PBXBuildFile; fileRef = 78DAA8352A7A31F800F77FD7 /* SceneDelegate.swift */; };
		78DAA8382A7A31F800F77FD7 /* ViewController.swift in Sources */ = {isa = PBXBuildFile; fileRef = 78DAA8372A7A31F800F77FD7 /* ViewController.swift */; };
		78DAA83B2A7A31F800F77FD7 /* Main.storyboard in Resources */ = {isa = PBXBuildFile; fileRef = 78DAA8392A7A31F800F77FD7 /* Main.storyboard */; };
		78DAA83D2A7A31F800F77FD7 /* Assets.xcassets in Resources */ = {isa = PBXBuildFile; fileRef = 78DAA83C2A7A31F800F77FD7 /* Assets.xcassets */; };
		78DAA8402A7A31F800F77FD7 /* LaunchScreen.storyboard in Resources */ = {isa = PBXBuildFile; fileRef = 78DAA83E2A7A31F800F77FD7 /* LaunchScreen.storyboard */; };
		78DAA84B2A7A31F900F77FD7 /* GeumjiogyeopTests.swift in Sources */ = {isa = PBXBuildFile; fileRef = 78DAA84A2A7A31F900F77FD7 /* GeumjiogyeopTests.swift */; };
		78DAA8552A7A31F900F77FD7 /* GeumjiogyeopUITests.swift in Sources */ = {isa = PBXBuildFile; fileRef = 78DAA8542A7A31F900F77FD7 /* GeumjiogyeopUITests.swift */; };
		78DAA8572A7A31F900F77FD7 /* GeumjiogyeopUITestsLaunchTests.swift in Sources */ = {isa = PBXBuildFile; fileRef = 78DAA8562A7A31F900F77FD7 /* GeumjiogyeopUITestsLaunchTests.swift */; };
		78DAA8702A7A3BDB00F77FD7 /* loginStoryboard.storyboard in Resources */ = {isa = PBXBuildFile; fileRef = 78DAA86F2A7A3BDB00F77FD7 /* loginStoryboard.storyboard */; };
		78DAA8762A7B8A9B00F77FD7 /* borderStyle.swift in Sources */ = {isa = PBXBuildFile; fileRef = 78DAA8752A7B8A9B00F77FD7 /* borderStyle.swift */; };
		78DAA8782A7B96BF00F77FD7 /* todayViewController.swift in Sources */ = {isa = PBXBuildFile; fileRef = 78DAA8772A7B96BF00F77FD7 /* todayViewController.swift */; };
		78DAA87C2A7B97C300F77FD7 /* todayStoryboard.storyboard in Resources */ = {isa = PBXBuildFile; fileRef = 78DAA87B2A7B97C300F77FD7 /* todayStoryboard.storyboard */; };
		A0613664CED34C9D8D77641E /* Pods_Geumjiogyeop.framework in Frameworks */ = {isa = PBXBuildFile; fileRef = 3E65D9D3F88BA2B3EB217F86 /* Pods_Geumjiogyeop.framework */; };
		DBF338E0D4391B03AD6874A3 /* Pods_GeumjiogyeopTests.framework in Frameworks */ = {isa = PBXBuildFile; fileRef = 56306145F1F7A99B42C8F086 /* Pods_GeumjiogyeopTests.framework */; };
		EDEF374C2A8CEEDE002C0AEB /* myPageStoryboard.storyboard in Resources */ = {isa = PBXBuildFile; fileRef = EDEF374B2A8CEEDE002C0AEB /* myPageStoryboard.storyboard */; };
		EDEF374E2A8CEF18002C0AEB /* borderClass.swift in Sources */ = {isa = PBXBuildFile; fileRef = EDEF374D2A8CEF18002C0AEB /* borderClass.swift */; };
		EDEF37502A8CEF32002C0AEB /* defaultButton.swift in Sources */ = {isa = PBXBuildFile; fileRef = EDEF374F2A8CEF32002C0AEB /* defaultButton.swift */; };
		EDEF37522A8CEF47002C0AEB /* roundedButton.swift in Sources */ = {isa = PBXBuildFile; fileRef = EDEF37512A8CEF47002C0AEB /* roundedButton.swift */; };
		EDEF37542A8CEF62002C0AEB /* signUpServiceViewController.swift in Sources */ = {isa = PBXBuildFile; fileRef = EDEF37532A8CEF62002C0AEB /* signUpServiceViewController.swift */; };
		EDEF37562A8CEF85002C0AEB /* myPageViewController.swift in Sources */ = {isa = PBXBuildFile; fileRef = EDEF37552A8CEF85002C0AEB /* myPageViewController.swift */; };
		EDEF37582A8CEF9C002C0AEB /* serviceInfoViewController.swift in Sources */ = {isa = PBXBuildFile; fileRef = EDEF37572A8CEF9C002C0AEB /* serviceInfoViewController.swift */; };
		EDEF375B2A8CEFD7002C0AEB /* adoptionStoryboard.storyboard in Resources */ = {isa = PBXBuildFile; fileRef = EDEF375A2A8CEFD7002C0AEB /* adoptionStoryboard.storyboard */; };
		EDEF375D2A8CF058002C0AEB /* adoptionViewController.swift in Sources */ = {isa = PBXBuildFile; fileRef = EDEF375C2A8CF058002C0AEB /* adoptionViewController.swift */; };
		EDEF375F2A8CF072002C0AEB /* CategoryButton.swift in Sources */ = {isa = PBXBuildFile; fileRef = EDEF375E2A8CF072002C0AEB /* CategoryButton.swift */; };
		EDEF37612A8E1876002C0AEB /* webKitViewController.swift in Sources */ = {isa = PBXBuildFile; fileRef = EDEF37602A8E1876002C0AEB /* webKitViewController.swift */; };
		EDEF37632A8E18E9002C0AEB /* WebKit.framework in Frameworks */ = {isa = PBXBuildFile; fileRef = EDEF37622A8E18E9002C0AEB /* WebKit.framework */; };
		EDEF37652A8E27F9002C0AEB /* secondStepViewController.swift in Sources */ = {isa = PBXBuildFile; fileRef = EDEF37642A8E27F9002C0AEB /* secondStepViewController.swift */; };
		EDEF37672A8E33BD002C0AEB /* inputInformationViewController.swift in Sources */ = {isa = PBXBuildFile; fileRef = EDEF37662A8E33BD002C0AEB /* inputInformationViewController.swift */; };
		EDEF37692A8E35A6002C0AEB /* letterViewController.swift in Sources */ = {isa = PBXBuildFile; fileRef = EDEF37682A8E35A6002C0AEB /* letterViewController.swift */; };
		EDEF376B2A8E98D2002C0AEB /* myAdoptionViewController.swift in Sources */ = {isa = PBXBuildFile; fileRef = EDEF376A2A8E98D2002C0AEB /* myAdoptionViewController.swift */; };
		EDEF376D2A8EA6EB002C0AEB /* RoundedImageView.swift in Sources */ = {isa = PBXBuildFile; fileRef = EDEF376C2A8EA6EB002C0AEB /* RoundedImageView.swift */; };
		EDEF376F2A8EB05A002C0AEB /* detailMyAdoptionViewController.swift in Sources */ = {isa = PBXBuildFile; fileRef = EDEF376E2A8EB05A002C0AEB /* detailMyAdoptionViewController.swift */; };
		EDEF37712A8EB956002C0AEB /* myListViewController.swift in Sources */ = {isa = PBXBuildFile; fileRef = EDEF37702A8EB956002C0AEB /* myListViewController.swift */; };
		FE99B710D75B66803F2EDF86 /* Pods_Geumjiogyeop_GeumjiogyeopUITests.framework in Frameworks */ = {isa = PBXBuildFile; fileRef = 77BEFF5069003B317F8782B6 /* Pods_Geumjiogyeop_GeumjiogyeopUITests.framework */; };
/* End PBXBuildFile section */

/* Begin PBXContainerItemProxy section */
		78DAA8472A7A31F900F77FD7 /* PBXContainerItemProxy */ = {
			isa = PBXContainerItemProxy;
			containerPortal = 78DAA8282A7A31F800F77FD7 /* Project object */;
			proxyType = 1;
			remoteGlobalIDString = 78DAA82F2A7A31F800F77FD7;
			remoteInfo = Geumjiogyeop;
		};
		78DAA8512A7A31F900F77FD7 /* PBXContainerItemProxy */ = {
			isa = PBXContainerItemProxy;
			containerPortal = 78DAA8282A7A31F800F77FD7 /* Project object */;
			proxyType = 1;
			remoteGlobalIDString = 78DAA82F2A7A31F800F77FD7;
			remoteInfo = Geumjiogyeop;
		};
/* End PBXContainerItemProxy section */

/* Begin PBXFileReference section */
		0171ED1FED75DFF83BA58B2B /* Pods-GeumjiogyeopTests.debug.xcconfig */ = {isa = PBXFileReference; includeInIndex = 1; lastKnownFileType = text.xcconfig; name = "Pods-GeumjiogyeopTests.debug.xcconfig"; path = "Target Support Files/Pods-GeumjiogyeopTests/Pods-GeumjiogyeopTests.debug.xcconfig"; sourceTree = "<group>"; };
		1851E742552972EBAA1DE180 /* Pods-Geumjiogyeop-GeumjiogyeopUITests.release.xcconfig */ = {isa = PBXFileReference; includeInIndex = 1; lastKnownFileType = text.xcconfig; name = "Pods-Geumjiogyeop-GeumjiogyeopUITests.release.xcconfig"; path = "Target Support Files/Pods-Geumjiogyeop-GeumjiogyeopUITests/Pods-Geumjiogyeop-GeumjiogyeopUITests.release.xcconfig"; sourceTree = "<group>"; };
		191D17C0A74BE878F638094A /* Pods-Geumjiogyeop.release.xcconfig */ = {isa = PBXFileReference; includeInIndex = 1; lastKnownFileType = text.xcconfig; name = "Pods-Geumjiogyeop.release.xcconfig"; path = "Target Support Files/Pods-Geumjiogyeop/Pods-Geumjiogyeop.release.xcconfig"; sourceTree = "<group>"; };
		26F08E3C1A19B7C518187973 /* Pods-Geumjiogyeop.debug.xcconfig */ = {isa = PBXFileReference; includeInIndex = 1; lastKnownFileType = text.xcconfig; name = "Pods-Geumjiogyeop.debug.xcconfig"; path = "Target Support Files/Pods-Geumjiogyeop/Pods-Geumjiogyeop.debug.xcconfig"; sourceTree = "<group>"; };
		3E65D9D3F88BA2B3EB217F86 /* Pods_Geumjiogyeop.framework */ = {isa = PBXFileReference; explicitFileType = wrapper.framework; includeInIndex = 0; path = Pods_Geumjiogyeop.framework; sourceTree = BUILT_PRODUCTS_DIR; };
		56306145F1F7A99B42C8F086 /* Pods_GeumjiogyeopTests.framework */ = {isa = PBXFileReference; explicitFileType = wrapper.framework; includeInIndex = 0; path = Pods_GeumjiogyeopTests.framework; sourceTree = BUILT_PRODUCTS_DIR; };
		77BEFF5069003B317F8782B6 /* Pods_Geumjiogyeop_GeumjiogyeopUITests.framework */ = {isa = PBXFileReference; explicitFileType = wrapper.framework; includeInIndex = 0; path = Pods_Geumjiogyeop_GeumjiogyeopUITests.framework; sourceTree = BUILT_PRODUCTS_DIR; };
		78311C742A8553EE000A4C58 /* DetailViewController.swift */ = {isa = PBXFileReference; lastKnownFileType = sourcecode.swift; path = DetailViewController.swift; sourceTree = "<group>"; };
		7840D06C2A8D5547009F7D37 /* PhoneViewController.swift */ = {isa = PBXFileReference; lastKnownFileType = sourcecode.swift; path = PhoneViewController.swift; sourceTree = "<group>"; };
		78767FDD2A8A786400E628CF /* RightPaddingLabel.swift */ = {isa = PBXFileReference; lastKnownFileType = sourcecode.swift; path = RightPaddingLabel.swift; sourceTree = "<group>"; };
		78767FDF2A8A790600E628CF /* LeftPaddingLabel.swift */ = {isa = PBXFileReference; lastKnownFileType = sourcecode.swift; path = LeftPaddingLabel.swift; sourceTree = "<group>"; };
		78767FE22A8BCCA100E628CF /* ModifyViewController.swift */ = {isa = PBXFileReference; lastKnownFileType = sourcecode.swift; path = ModifyViewController.swift; sourceTree = "<group>"; };
		78B6142F2A87D89A0011D7AE /* loginViewController.swift */ = {isa = PBXFileReference; lastKnownFileType = sourcecode.swift; path = loginViewController.swift; sourceTree = "<group>"; };
		78B614312A87E2D70011D7AE /* SignUpViewController.swift */ = {isa = PBXFileReference; lastKnownFileType = sourcecode.swift; path = SignUpViewController.swift; sourceTree = "<group>"; };
		78B614332A87E5280011D7AE /* AgreeViewController.swift */ = {isa = PBXFileReference; lastKnownFileType = sourcecode.swift; path = AgreeViewController.swift; sourceTree = "<group>"; };
		78B614352A8A3AAC0011D7AE /* writePostViewController.swift */ = {isa = PBXFileReference; lastKnownFileType = sourcecode.swift; path = writePostViewController.swift; sourceTree = "<group>"; };
		78B6143A2A8A3BF60011D7AE /* manageStoryboard.storyboard */ = {isa = PBXFileReference; lastKnownFileType = file.storyboard; path = manageStoryboard.storyboard; sourceTree = "<group>"; };
		78B6143D2A8A3C1E0011D7AE /* ManageViewController.swift */ = {isa = PBXFileReference; lastKnownFileType = sourcecode.swift; path = ManageViewController.swift; sourceTree = "<group>"; };
		78DAA8302A7A31F800F77FD7 /* Geumjiogyeop.app */ = {isa = PBXFileReference; explicitFileType = wrapper.application; includeInIndex = 0; path = Geumjiogyeop.app; sourceTree = BUILT_PRODUCTS_DIR; };
		78DAA8332A7A31F800F77FD7 /* AppDelegate.swift */ = {isa = PBXFileReference; lastKnownFileType = sourcecode.swift; path = AppDelegate.swift; sourceTree = "<group>"; };
		78DAA8352A7A31F800F77FD7 /* SceneDelegate.swift */ = {isa = PBXFileReference; lastKnownFileType = sourcecode.swift; path = SceneDelegate.swift; sourceTree = "<group>"; };
		78DAA8372A7A31F800F77FD7 /* ViewController.swift */ = {isa = PBXFileReference; lastKnownFileType = sourcecode.swift; path = ViewController.swift; sourceTree = "<group>"; };
		78DAA83A2A7A31F800F77FD7 /* Base */ = {isa = PBXFileReference; lastKnownFileType = file.storyboard; name = Base; path = Base.lproj/Main.storyboard; sourceTree = "<group>"; };
		78DAA83C2A7A31F800F77FD7 /* Assets.xcassets */ = {isa = PBXFileReference; lastKnownFileType = folder.assetcatalog; path = Assets.xcassets; sourceTree = "<group>"; };
		78DAA83F2A7A31F800F77FD7 /* Base */ = {isa = PBXFileReference; lastKnownFileType = file.storyboard; name = Base; path = Base.lproj/LaunchScreen.storyboard; sourceTree = "<group>"; };
		78DAA8412A7A31F800F77FD7 /* Info.plist */ = {isa = PBXFileReference; lastKnownFileType = text.plist.xml; path = Info.plist; sourceTree = "<group>"; };
		78DAA8462A7A31F900F77FD7 /* GeumjiogyeopTests.xctest */ = {isa = PBXFileReference; explicitFileType = wrapper.cfbundle; includeInIndex = 0; path = GeumjiogyeopTests.xctest; sourceTree = BUILT_PRODUCTS_DIR; };
		78DAA84A2A7A31F900F77FD7 /* GeumjiogyeopTests.swift */ = {isa = PBXFileReference; lastKnownFileType = sourcecode.swift; path = GeumjiogyeopTests.swift; sourceTree = "<group>"; };
		78DAA8502A7A31F900F77FD7 /* GeumjiogyeopUITests.xctest */ = {isa = PBXFileReference; explicitFileType = wrapper.cfbundle; includeInIndex = 0; path = GeumjiogyeopUITests.xctest; sourceTree = BUILT_PRODUCTS_DIR; };
		78DAA8542A7A31F900F77FD7 /* GeumjiogyeopUITests.swift */ = {isa = PBXFileReference; lastKnownFileType = sourcecode.swift; path = GeumjiogyeopUITests.swift; sourceTree = "<group>"; };
		78DAA8562A7A31F900F77FD7 /* GeumjiogyeopUITestsLaunchTests.swift */ = {isa = PBXFileReference; lastKnownFileType = sourcecode.swift; path = GeumjiogyeopUITestsLaunchTests.swift; sourceTree = "<group>"; };
		78DAA86F2A7A3BDB00F77FD7 /* loginStoryboard.storyboard */ = {isa = PBXFileReference; lastKnownFileType = file.storyboard; name = loginStoryboard.storyboard; path = Geumjiogyeop/login/loginStoryboard.storyboard; sourceTree = SOURCE_ROOT; };
		78DAA8752A7B8A9B00F77FD7 /* borderStyle.swift */ = {isa = PBXFileReference; lastKnownFileType = sourcecode.swift; path = borderStyle.swift; sourceTree = "<group>"; };
		78DAA8772A7B96BF00F77FD7 /* todayViewController.swift */ = {isa = PBXFileReference; lastKnownFileType = sourcecode.swift; path = todayViewController.swift; sourceTree = "<group>"; };
		78DAA87B2A7B97C300F77FD7 /* todayStoryboard.storyboard */ = {isa = PBXFileReference; lastKnownFileType = file.storyboard; path = todayStoryboard.storyboard; sourceTree = "<group>"; };
		CB45E8BE3CDB1C83989DFAF3 /* Pods-GeumjiogyeopTests.release.xcconfig */ = {isa = PBXFileReference; includeInIndex = 1; lastKnownFileType = text.xcconfig; name = "Pods-GeumjiogyeopTests.release.xcconfig"; path = "Target Support Files/Pods-GeumjiogyeopTests/Pods-GeumjiogyeopTests.release.xcconfig"; sourceTree = "<group>"; };
		D66B381EA5F2ABF55F6D1A5B /* Pods-Geumjiogyeop-GeumjiogyeopUITests.debug.xcconfig */ = {isa = PBXFileReference; includeInIndex = 1; lastKnownFileType = text.xcconfig; name = "Pods-Geumjiogyeop-GeumjiogyeopUITests.debug.xcconfig"; path = "Target Support Files/Pods-Geumjiogyeop-GeumjiogyeopUITests/Pods-Geumjiogyeop-GeumjiogyeopUITests.debug.xcconfig"; sourceTree = "<group>"; };
		EDEF374B2A8CEEDE002C0AEB /* myPageStoryboard.storyboard */ = {isa = PBXFileReference; lastKnownFileType = file.storyboard; name = myPageStoryboard.storyboard; path = Geumjiogyeop/myPageStoryboard.storyboard; sourceTree = SOURCE_ROOT; };
		EDEF374D2A8CEF18002C0AEB /* borderClass.swift */ = {isa = PBXFileReference; lastKnownFileType = sourcecode.swift; name = borderClass.swift; path = Geumjiogyeop/borderClass.swift; sourceTree = SOURCE_ROOT; };
		EDEF374F2A8CEF32002C0AEB /* defaultButton.swift */ = {isa = PBXFileReference; lastKnownFileType = sourcecode.swift; name = defaultButton.swift; path = Geumjiogyeop/defaultButton.swift; sourceTree = SOURCE_ROOT; };
		EDEF37512A8CEF47002C0AEB /* roundedButton.swift */ = {isa = PBXFileReference; lastKnownFileType = sourcecode.swift; name = roundedButton.swift; path = Geumjiogyeop/roundedButton.swift; sourceTree = SOURCE_ROOT; };
		EDEF37532A8CEF62002C0AEB /* signUpServiceViewController.swift */ = {isa = PBXFileReference; lastKnownFileType = sourcecode.swift; name = signUpServiceViewController.swift; path = Geumjiogyeop/signUpServiceViewController.swift; sourceTree = SOURCE_ROOT; };
		EDEF37552A8CEF85002C0AEB /* myPageViewController.swift */ = {isa = PBXFileReference; lastKnownFileType = sourcecode.swift; name = myPageViewController.swift; path = Geumjiogyeop/myPageViewController.swift; sourceTree = SOURCE_ROOT; };
		EDEF37572A8CEF9C002C0AEB /* serviceInfoViewController.swift */ = {isa = PBXFileReference; lastKnownFileType = sourcecode.swift; name = serviceInfoViewController.swift; path = Geumjiogyeop/serviceInfoViewController.swift; sourceTree = SOURCE_ROOT; };
		EDEF375A2A8CEFD7002C0AEB /* adoptionStoryboard.storyboard */ = {isa = PBXFileReference; lastKnownFileType = file.storyboard; path = adoptionStoryboard.storyboard; sourceTree = "<group>"; };
		EDEF375C2A8CF058002C0AEB /* adoptionViewController.swift */ = {isa = PBXFileReference; lastKnownFileType = sourcecode.swift; path = adoptionViewController.swift; sourceTree = "<group>"; };
		EDEF375E2A8CF072002C0AEB /* CategoryButton.swift */ = {isa = PBXFileReference; lastKnownFileType = sourcecode.swift; path = CategoryButton.swift; sourceTree = "<group>"; };
		EDEF37602A8E1876002C0AEB /* webKitViewController.swift */ = {isa = PBXFileReference; lastKnownFileType = sourcecode.swift; name = webKitViewController.swift; path = Geumjiogyeop/webKitViewController.swift; sourceTree = SOURCE_ROOT; };
		EDEF37622A8E18E9002C0AEB /* WebKit.framework */ = {isa = PBXFileReference; lastKnownFileType = wrapper.framework; name = WebKit.framework; path = System/Library/Frameworks/WebKit.framework; sourceTree = SDKROOT; };
		EDEF37642A8E27F9002C0AEB /* secondStepViewController.swift */ = {isa = PBXFileReference; lastKnownFileType = sourcecode.swift; name = secondStepViewController.swift; path = Geumjiogyeop/secondStepViewController.swift; sourceTree = SOURCE_ROOT; };
		EDEF37662A8E33BD002C0AEB /* inputInformationViewController.swift */ = {isa = PBXFileReference; lastKnownFileType = sourcecode.swift; name = inputInformationViewController.swift; path = Geumjiogyeop/inputInformationViewController.swift; sourceTree = SOURCE_ROOT; };
		EDEF37682A8E35A6002C0AEB /* letterViewController.swift */ = {isa = PBXFileReference; lastKnownFileType = sourcecode.swift; name = letterViewController.swift; path = Geumjiogyeop/letterViewController.swift; sourceTree = SOURCE_ROOT; };
		EDEF376A2A8E98D2002C0AEB /* myAdoptionViewController.swift */ = {isa = PBXFileReference; lastKnownFileType = sourcecode.swift; name = myAdoptionViewController.swift; path = Geumjiogyeop/myAdoptionViewController.swift; sourceTree = SOURCE_ROOT; };
		EDEF376C2A8EA6EB002C0AEB /* RoundedImageView.swift */ = {isa = PBXFileReference; lastKnownFileType = sourcecode.swift; name = RoundedImageView.swift; path = Geumjiogyeop/RoundedImageView.swift; sourceTree = SOURCE_ROOT; };
		EDEF376E2A8EB05A002C0AEB /* detailMyAdoptionViewController.swift */ = {isa = PBXFileReference; lastKnownFileType = sourcecode.swift; name = detailMyAdoptionViewController.swift; path = Geumjiogyeop/detailMyAdoptionViewController.swift; sourceTree = SOURCE_ROOT; };
		EDEF37702A8EB956002C0AEB /* myListViewController.swift */ = {isa = PBXFileReference; lastKnownFileType = sourcecode.swift; name = myListViewController.swift; path = Geumjiogyeop/myListViewController.swift; sourceTree = SOURCE_ROOT; };
/* End PBXFileReference section */

/* Begin PBXFrameworksBuildPhase section */
		78DAA82D2A7A31F800F77FD7 /* Frameworks */ = {
			isa = PBXFrameworksBuildPhase;
			buildActionMask = 2147483647;
			files = (
				EDEF37632A8E18E9002C0AEB /* WebKit.framework in Frameworks */,
				A0613664CED34C9D8D77641E /* Pods_Geumjiogyeop.framework in Frameworks */,
			);
			runOnlyForDeploymentPostprocessing = 0;
		};
		78DAA8432A7A31F900F77FD7 /* Frameworks */ = {
			isa = PBXFrameworksBuildPhase;
			buildActionMask = 2147483647;
			files = (
				DBF338E0D4391B03AD6874A3 /* Pods_GeumjiogyeopTests.framework in Frameworks */,
			);
			runOnlyForDeploymentPostprocessing = 0;
		};
		78DAA84D2A7A31F900F77FD7 /* Frameworks */ = {
			isa = PBXFrameworksBuildPhase;
			buildActionMask = 2147483647;
			files = (
				FE99B710D75B66803F2EDF86 /* Pods_Geumjiogyeop_GeumjiogyeopUITests.framework in Frameworks */,
			);
			runOnlyForDeploymentPostprocessing = 0;
		};
/* End PBXFrameworksBuildPhase section */

/* Begin PBXGroup section */
		1361989F295E01C974661536 /* Frameworks */ = {
			isa = PBXGroup;
			children = (
				EDEF37622A8E18E9002C0AEB /* WebKit.framework */,
				3E65D9D3F88BA2B3EB217F86 /* Pods_Geumjiogyeop.framework */,
				77BEFF5069003B317F8782B6 /* Pods_Geumjiogyeop_GeumjiogyeopUITests.framework */,
				56306145F1F7A99B42C8F086 /* Pods_GeumjiogyeopTests.framework */,
			);
			name = Frameworks;
			sourceTree = "<group>";
		};
		78B614372A8A3BB90011D7AE /* manage */ = {
			isa = PBXGroup;
			children = (
				78311C742A8553EE000A4C58 /* DetailViewController.swift */,
				78B6143A2A8A3BF60011D7AE /* manageStoryboard.storyboard */,
				78B6143D2A8A3C1E0011D7AE /* ManageViewController.swift */,
				78767FDD2A8A786400E628CF /* RightPaddingLabel.swift */,
				78767FDF2A8A790600E628CF /* LeftPaddingLabel.swift */,
			);
			path = manage;
			sourceTree = "<group>";
		};
		78DAA8272A7A31F800F77FD7 = {
			isa = PBXGroup;
			children = (
				78DAA8322A7A31F800F77FD7 /* Geumjiogyeop */,
				78DAA8492A7A31F900F77FD7 /* GeumjiogyeopTests */,
				78DAA8532A7A31F900F77FD7 /* GeumjiogyeopUITests */,
				78DAA8312A7A31F800F77FD7 /* Products */,
				876B937A1C920C9BAACC0B4E /* Pods */,
				1361989F295E01C974661536 /* Frameworks */,
			);
			sourceTree = "<group>";
		};
		78DAA8312A7A31F800F77FD7 /* Products */ = {
			isa = PBXGroup;
			children = (
				78DAA8302A7A31F800F77FD7 /* Geumjiogyeop.app */,
				78DAA8462A7A31F900F77FD7 /* GeumjiogyeopTests.xctest */,
				78DAA8502A7A31F900F77FD7 /* GeumjiogyeopUITests.xctest */,
			);
			name = Products;
			sourceTree = "<group>";
		};
		78DAA8322A7A31F800F77FD7 /* Geumjiogyeop */ = {
			isa = PBXGroup;
			children = (
				EDEF37592A8CEFB0002C0AEB /* adoption */,
				78B614372A8A3BB90011D7AE /* manage */,
				78DAA8742A7A3C4700F77FD7 /* login */,
				78DAA8662A7A395B00F77FD7 /* report */,
				78DAA8682A7A39DD00F77FD7 /* today */,
				78DAA86A2A7A39F900F77FD7 /* service */,
				78DAA8692A7A39EB00F77FD7 /* myPage */,
				78DAA8642A7A38BE00F77FD7 /* signUp */,
				78DAA8632A7A389300F77FD7 /* main */,
				78DAA8672A7A399100F77FD7 /* interestNotice */,
				78DAA8332A7A31F800F77FD7 /* AppDelegate.swift */,
				78DAA8352A7A31F800F77FD7 /* SceneDelegate.swift */,
				78DAA8372A7A31F800F77FD7 /* ViewController.swift */,
				78DAA8392A7A31F800F77FD7 /* Main.storyboard */,
				78DAA83C2A7A31F800F77FD7 /* Assets.xcassets */,
				78DAA83E2A7A31F800F77FD7 /* LaunchScreen.storyboard */,
				78DAA8412A7A31F800F77FD7 /* Info.plist */,
			);
			path = Geumjiogyeop;
			sourceTree = "<group>";
		};
		78DAA8492A7A31F900F77FD7 /* GeumjiogyeopTests */ = {
			isa = PBXGroup;
			children = (
				78DAA84A2A7A31F900F77FD7 /* GeumjiogyeopTests.swift */,
			);
			path = GeumjiogyeopTests;
			sourceTree = "<group>";
		};
		78DAA8532A7A31F900F77FD7 /* GeumjiogyeopUITests */ = {
			isa = PBXGroup;
			children = (
				78DAA8542A7A31F900F77FD7 /* GeumjiogyeopUITests.swift */,
				78DAA8562A7A31F900F77FD7 /* GeumjiogyeopUITestsLaunchTests.swift */,
			);
			path = GeumjiogyeopUITests;
			sourceTree = "<group>";
		};
		78DAA8632A7A389300F77FD7 /* main */ = {
			isa = PBXGroup;
			children = (
			);
			path = main;
			sourceTree = "<group>";
		};
		78DAA8642A7A38BE00F77FD7 /* signUp */ = {
			isa = PBXGroup;
			children = (
				78B614312A87E2D70011D7AE /* SignUpViewController.swift */,
				78B614332A87E5280011D7AE /* AgreeViewController.swift */,
				7840D06C2A8D5547009F7D37 /* PhoneViewController.swift */,
			);
			path = signUp;
			sourceTree = "<group>";
		};
		78DAA8662A7A395B00F77FD7 /* report */ = {
			isa = PBXGroup;
			children = (
			);
			path = report;
			sourceTree = "<group>";
		};
		78DAA8672A7A399100F77FD7 /* interestNotice */ = {
			isa = PBXGroup;
			children = (
			);
			path = interestNotice;
			sourceTree = "<group>";
		};
		78DAA8682A7A39DD00F77FD7 /* today */ = {
			isa = PBXGroup;
			children = (
				78DAA8772A7B96BF00F77FD7 /* todayViewController.swift */,
				78DAA87B2A7B97C300F77FD7 /* todayStoryboard.storyboard */,
				78B614352A8A3AAC0011D7AE /* writePostViewController.swift */,
				78767FE22A8BCCA100E628CF /* ModifyViewController.swift */,
			);
			path = today;
			sourceTree = "<group>";
		};
		78DAA8692A7A39EB00F77FD7 /* myPage */ = {
			isa = PBXGroup;
			children = (
				EDEF374B2A8CEEDE002C0AEB /* myPageStoryboard.storyboard */,
				EDEF374D2A8CEF18002C0AEB /* borderClass.swift */,
				EDEF374F2A8CEF32002C0AEB /* defaultButton.swift */,
				EDEF37512A8CEF47002C0AEB /* roundedButton.swift */,
				EDEF37532A8CEF62002C0AEB /* signUpServiceViewController.swift */,
				EDEF37552A8CEF85002C0AEB /* myPageViewController.swift */,
				EDEF37572A8CEF9C002C0AEB /* serviceInfoViewController.swift */,
				EDEF37602A8E1876002C0AEB /* webKitViewController.swift */,
				EDEF37642A8E27F9002C0AEB /* secondStepViewController.swift */,
				EDEF37662A8E33BD002C0AEB /* inputInformationViewController.swift */,
				EDEF37682A8E35A6002C0AEB /* letterViewController.swift */,
				EDEF376A2A8E98D2002C0AEB /* myAdoptionViewController.swift */,
				EDEF376C2A8EA6EB002C0AEB /* RoundedImageView.swift */,
				EDEF376E2A8EB05A002C0AEB /* detailMyAdoptionViewController.swift */,
				EDEF37702A8EB956002C0AEB /* myListViewController.swift */,
			);
			path = myPage;
			sourceTree = "<group>";
		};
		78DAA86A2A7A39F900F77FD7 /* service */ = {
			isa = PBXGroup;
			children = (
			);
			path = service;
			sourceTree = "<group>";
		};
		78DAA8742A7A3C4700F77FD7 /* login */ = {
			isa = PBXGroup;
			children = (
				78DAA86F2A7A3BDB00F77FD7 /* loginStoryboard.storyboard */,
				78B6142F2A87D89A0011D7AE /* loginViewController.swift */,
				78DAA8752A7B8A9B00F77FD7 /* borderStyle.swift */,
			);
			path = login;
			sourceTree = "<group>";
		};
		876B937A1C920C9BAACC0B4E /* Pods */ = {
			isa = PBXGroup;
			children = (
				26F08E3C1A19B7C518187973 /* Pods-Geumjiogyeop.debug.xcconfig */,
				191D17C0A74BE878F638094A /* Pods-Geumjiogyeop.release.xcconfig */,
				D66B381EA5F2ABF55F6D1A5B /* Pods-Geumjiogyeop-GeumjiogyeopUITests.debug.xcconfig */,
				1851E742552972EBAA1DE180 /* Pods-Geumjiogyeop-GeumjiogyeopUITests.release.xcconfig */,
				0171ED1FED75DFF83BA58B2B /* Pods-GeumjiogyeopTests.debug.xcconfig */,
				CB45E8BE3CDB1C83989DFAF3 /* Pods-GeumjiogyeopTests.release.xcconfig */,
			);
			path = Pods;
			sourceTree = "<group>";
		};
		EDEF37592A8CEFB0002C0AEB /* adoption */ = {
			isa = PBXGroup;
			children = (
				EDEF375A2A8CEFD7002C0AEB /* adoptionStoryboard.storyboard */,
				EDEF375C2A8CF058002C0AEB /* adoptionViewController.swift */,
				EDEF375E2A8CF072002C0AEB /* CategoryButton.swift */,
			);
			path = adoption;
			sourceTree = "<group>";
		};
/* End PBXGroup section */

/* Begin PBXNativeTarget section */
		78DAA82F2A7A31F800F77FD7 /* Geumjiogyeop */ = {
			isa = PBXNativeTarget;
			buildConfigurationList = 78DAA85A2A7A31F900F77FD7 /* Build configuration list for PBXNativeTarget "Geumjiogyeop" */;
			buildPhases = (
				DB67BB40EC2D5A6C3C1199E9 /* [CP] Check Pods Manifest.lock */,
				78DAA82C2A7A31F800F77FD7 /* Sources */,
				78DAA82D2A7A31F800F77FD7 /* Frameworks */,
				78DAA82E2A7A31F800F77FD7 /* Resources */,
				D4776A69D4E6D5FF18DFD1A4 /* [CP] Embed Pods Frameworks */,
			);
			buildRules = (
			);
			dependencies = (
			);
			name = Geumjiogyeop;
			packageProductDependencies = (
			);
			productName = Geumjiogyeop;
			productReference = 78DAA8302A7A31F800F77FD7 /* Geumjiogyeop.app */;
			productType = "com.apple.product-type.application";
		};
		78DAA8452A7A31F900F77FD7 /* GeumjiogyeopTests */ = {
			isa = PBXNativeTarget;
			buildConfigurationList = 78DAA85D2A7A31F900F77FD7 /* Build configuration list for PBXNativeTarget "GeumjiogyeopTests" */;
			buildPhases = (
				32C35D0863279D3E3B6B2725 /* [CP] Check Pods Manifest.lock */,
				78DAA8422A7A31F900F77FD7 /* Sources */,
				78DAA8432A7A31F900F77FD7 /* Frameworks */,
				78DAA8442A7A31F900F77FD7 /* Resources */,
			);
			buildRules = (
			);
			dependencies = (
				78DAA8482A7A31F900F77FD7 /* PBXTargetDependency */,
			);
			name = GeumjiogyeopTests;
			productName = GeumjiogyeopTests;
			productReference = 78DAA8462A7A31F900F77FD7 /* GeumjiogyeopTests.xctest */;
			productType = "com.apple.product-type.bundle.unit-test";
		};
		78DAA84F2A7A31F900F77FD7 /* GeumjiogyeopUITests */ = {
			isa = PBXNativeTarget;
			buildConfigurationList = 78DAA8602A7A31F900F77FD7 /* Build configuration list for PBXNativeTarget "GeumjiogyeopUITests" */;
			buildPhases = (
				3E195B664FA8F212A9C23A5C /* [CP] Check Pods Manifest.lock */,
				78DAA84C2A7A31F900F77FD7 /* Sources */,
				78DAA84D2A7A31F900F77FD7 /* Frameworks */,
				78DAA84E2A7A31F900F77FD7 /* Resources */,
				6D9AF0C3EFA8C123EA005702 /* [CP] Embed Pods Frameworks */,
			);
			buildRules = (
			);
			dependencies = (
				78DAA8522A7A31F900F77FD7 /* PBXTargetDependency */,
			);
			name = GeumjiogyeopUITests;
			productName = GeumjiogyeopUITests;
			productReference = 78DAA8502A7A31F900F77FD7 /* GeumjiogyeopUITests.xctest */;
			productType = "com.apple.product-type.bundle.ui-testing";
		};
/* End PBXNativeTarget section */

/* Begin PBXProject section */
		78DAA8282A7A31F800F77FD7 /* Project object */ = {
			isa = PBXProject;
			attributes = {
				BuildIndependentTargetsInParallel = 1;
				LastSwiftUpdateCheck = 1420;
				LastUpgradeCheck = 1420;
				TargetAttributes = {
					78DAA82F2A7A31F800F77FD7 = {
						CreatedOnToolsVersion = 14.2;
					};
					78DAA8452A7A31F900F77FD7 = {
						CreatedOnToolsVersion = 14.2;
						TestTargetID = 78DAA82F2A7A31F800F77FD7;
					};
					78DAA84F2A7A31F900F77FD7 = {
						CreatedOnToolsVersion = 14.2;
						TestTargetID = 78DAA82F2A7A31F800F77FD7;
					};
				};
			};
			buildConfigurationList = 78DAA82B2A7A31F800F77FD7 /* Build configuration list for PBXProject "Geumjiogyeop" */;
			compatibilityVersion = "Xcode 14.0";
			developmentRegion = en;
			hasScannedForEncodings = 0;
			knownRegions = (
				en,
				Base,
			);
			mainGroup = 78DAA8272A7A31F800F77FD7;
			packageReferences = (
				78B6142C2A877BEB0011D7AE /* XCRemoteSwiftPackageReference "firebase-ios-sdk" */,
			);
			productRefGroup = 78DAA8312A7A31F800F77FD7 /* Products */;
			projectDirPath = "";
			projectRoot = "";
			targets = (
				78DAA82F2A7A31F800F77FD7 /* Geumjiogyeop */,
				78DAA8452A7A31F900F77FD7 /* GeumjiogyeopTests */,
				78DAA84F2A7A31F900F77FD7 /* GeumjiogyeopUITests */,
			);
		};
/* End PBXProject section */

/* Begin PBXResourcesBuildPhase section */
		78DAA82E2A7A31F800F77FD7 /* Resources */ = {
			isa = PBXResourcesBuildPhase;
			buildActionMask = 2147483647;
			files = (
				78B6143B2A8A3BF60011D7AE /* manageStoryboard.storyboard in Resources */,
				78DAA8402A7A31F800F77FD7 /* LaunchScreen.storyboard in Resources */,
				78DAA83D2A7A31F800F77FD7 /* Assets.xcassets in Resources */,
				78DAA83B2A7A31F800F77FD7 /* Main.storyboard in Resources */,
				78DAA87C2A7B97C300F77FD7 /* todayStoryboard.storyboard in Resources */,
				EDEF375B2A8CEFD7002C0AEB /* adoptionStoryboard.storyboard in Resources */,
				78DAA8702A7A3BDB00F77FD7 /* loginStoryboard.storyboard in Resources */,
				EDEF374C2A8CEEDE002C0AEB /* myPageStoryboard.storyboard in Resources */,
			);
			runOnlyForDeploymentPostprocessing = 0;
		};
		78DAA8442A7A31F900F77FD7 /* Resources */ = {
			isa = PBXResourcesBuildPhase;
			buildActionMask = 2147483647;
			files = (
			);
			runOnlyForDeploymentPostprocessing = 0;
		};
		78DAA84E2A7A31F900F77FD7 /* Resources */ = {
			isa = PBXResourcesBuildPhase;
			buildActionMask = 2147483647;
			files = (
			);
			runOnlyForDeploymentPostprocessing = 0;
		};
/* End PBXResourcesBuildPhase section */

/* Begin PBXShellScriptBuildPhase section */
		32C35D0863279D3E3B6B2725 /* [CP] Check Pods Manifest.lock */ = {
			isa = PBXShellScriptBuildPhase;
			buildActionMask = 2147483647;
			files = (
			);
			inputFileListPaths = (
			);
			inputPaths = (
				"${PODS_PODFILE_DIR_PATH}/Podfile.lock",
				"${PODS_ROOT}/Manifest.lock",
			);
			name = "[CP] Check Pods Manifest.lock";
			outputFileListPaths = (
			);
			outputPaths = (
				"$(DERIVED_FILE_DIR)/Pods-GeumjiogyeopTests-checkManifestLockResult.txt",
			);
			runOnlyForDeploymentPostprocessing = 0;
			shellPath = /bin/sh;
			shellScript = "diff \"${PODS_PODFILE_DIR_PATH}/Podfile.lock\" \"${PODS_ROOT}/Manifest.lock\" > /dev/null\nif [ $? != 0 ] ; then\n    # print error to STDERR\n    echo \"error: The sandbox is not in sync with the Podfile.lock. Run 'pod install' or update your CocoaPods installation.\" >&2\n    exit 1\nfi\n# This output is used by Xcode 'outputs' to avoid re-running this script phase.\necho \"SUCCESS\" > \"${SCRIPT_OUTPUT_FILE_0}\"\n";
			showEnvVarsInLog = 0;
		};
		3E195B664FA8F212A9C23A5C /* [CP] Check Pods Manifest.lock */ = {
			isa = PBXShellScriptBuildPhase;
			buildActionMask = 2147483647;
			files = (
			);
			inputFileListPaths = (
			);
			inputPaths = (
				"${PODS_PODFILE_DIR_PATH}/Podfile.lock",
				"${PODS_ROOT}/Manifest.lock",
			);
			name = "[CP] Check Pods Manifest.lock";
			outputFileListPaths = (
			);
			outputPaths = (
				"$(DERIVED_FILE_DIR)/Pods-Geumjiogyeop-GeumjiogyeopUITests-checkManifestLockResult.txt",
			);
			runOnlyForDeploymentPostprocessing = 0;
			shellPath = /bin/sh;
			shellScript = "diff \"${PODS_PODFILE_DIR_PATH}/Podfile.lock\" \"${PODS_ROOT}/Manifest.lock\" > /dev/null\nif [ $? != 0 ] ; then\n    # print error to STDERR\n    echo \"error: The sandbox is not in sync with the Podfile.lock. Run 'pod install' or update your CocoaPods installation.\" >&2\n    exit 1\nfi\n# This output is used by Xcode 'outputs' to avoid re-running this script phase.\necho \"SUCCESS\" > \"${SCRIPT_OUTPUT_FILE_0}\"\n";
			showEnvVarsInLog = 0;
		};
		6D9AF0C3EFA8C123EA005702 /* [CP] Embed Pods Frameworks */ = {
			isa = PBXShellScriptBuildPhase;
			buildActionMask = 2147483647;
			files = (
			);
			inputFileListPaths = (
				"${PODS_ROOT}/Target Support Files/Pods-Geumjiogyeop-GeumjiogyeopUITests/Pods-Geumjiogyeop-GeumjiogyeopUITests-frameworks-${CONFIGURATION}-input-files.xcfilelist",
			);
			name = "[CP] Embed Pods Frameworks";
			outputFileListPaths = (
				"${PODS_ROOT}/Target Support Files/Pods-Geumjiogyeop-GeumjiogyeopUITests/Pods-Geumjiogyeop-GeumjiogyeopUITests-frameworks-${CONFIGURATION}-output-files.xcfilelist",
			);
			runOnlyForDeploymentPostprocessing = 0;
			shellPath = /bin/sh;
			shellScript = "\"${PODS_ROOT}/Target Support Files/Pods-Geumjiogyeop-GeumjiogyeopUITests/Pods-Geumjiogyeop-GeumjiogyeopUITests-frameworks.sh\"\n";
			showEnvVarsInLog = 0;
		};
		D4776A69D4E6D5FF18DFD1A4 /* [CP] Embed Pods Frameworks */ = {
			isa = PBXShellScriptBuildPhase;
			buildActionMask = 2147483647;
			files = (
			);
			inputFileListPaths = (
				"${PODS_ROOT}/Target Support Files/Pods-Geumjiogyeop/Pods-Geumjiogyeop-frameworks-${CONFIGURATION}-input-files.xcfilelist",
			);
			name = "[CP] Embed Pods Frameworks";
			outputFileListPaths = (
				"${PODS_ROOT}/Target Support Files/Pods-Geumjiogyeop/Pods-Geumjiogyeop-frameworks-${CONFIGURATION}-output-files.xcfilelist",
			);
			runOnlyForDeploymentPostprocessing = 0;
			shellPath = /bin/sh;
			shellScript = "\"${PODS_ROOT}/Target Support Files/Pods-Geumjiogyeop/Pods-Geumjiogyeop-frameworks.sh\"\n";
			showEnvVarsInLog = 0;
		};
		DB67BB40EC2D5A6C3C1199E9 /* [CP] Check Pods Manifest.lock */ = {
			isa = PBXShellScriptBuildPhase;
			buildActionMask = 2147483647;
			files = (
			);
			inputFileListPaths = (
			);
			inputPaths = (
				"${PODS_PODFILE_DIR_PATH}/Podfile.lock",
				"${PODS_ROOT}/Manifest.lock",
			);
			name = "[CP] Check Pods Manifest.lock";
			outputFileListPaths = (
			);
			outputPaths = (
				"$(DERIVED_FILE_DIR)/Pods-Geumjiogyeop-checkManifestLockResult.txt",
			);
			runOnlyForDeploymentPostprocessing = 0;
			shellPath = /bin/sh;
			shellScript = "diff \"${PODS_PODFILE_DIR_PATH}/Podfile.lock\" \"${PODS_ROOT}/Manifest.lock\" > /dev/null\nif [ $? != 0 ] ; then\n    # print error to STDERR\n    echo \"error: The sandbox is not in sync with the Podfile.lock. Run 'pod install' or update your CocoaPods installation.\" >&2\n    exit 1\nfi\n# This output is used by Xcode 'outputs' to avoid re-running this script phase.\necho \"SUCCESS\" > \"${SCRIPT_OUTPUT_FILE_0}\"\n";
			showEnvVarsInLog = 0;
		};
/* End PBXShellScriptBuildPhase section */

/* Begin PBXSourcesBuildPhase section */
		78DAA82C2A7A31F800F77FD7 /* Sources */ = {
			isa = PBXSourcesBuildPhase;
			buildActionMask = 2147483647;
			files = (
				EDEF37522A8CEF47002C0AEB /* roundedButton.swift in Sources */,
				EDEF376D2A8EA6EB002C0AEB /* RoundedImageView.swift in Sources */,
				78767FE32A8BCCA100E628CF /* ModifyViewController.swift in Sources */,
				78B614302A87D89A0011D7AE /* loginViewController.swift in Sources */,
				EDEF375D2A8CF058002C0AEB /* adoptionViewController.swift in Sources */,
				78DAA8382A7A31F800F77FD7 /* ViewController.swift in Sources */,
				78767FDE2A8A786400E628CF /* RightPaddingLabel.swift in Sources */,
				78B6143E2A8A3C1E0011D7AE /* ManageViewController.swift in Sources */,
				EDEF37542A8CEF62002C0AEB /* signUpServiceViewController.swift in Sources */,
				EDEF376B2A8E98D2002C0AEB /* myAdoptionViewController.swift in Sources */,
				78B614322A87E2D70011D7AE /* SignUpViewController.swift in Sources */,
				EDEF376F2A8EB05A002C0AEB /* detailMyAdoptionViewController.swift in Sources */,
				EDEF37712A8EB956002C0AEB /* myListViewController.swift in Sources */,
				EDEF37692A8E35A6002C0AEB /* letterViewController.swift in Sources */,
				7840D06D2A8D5547009F7D37 /* PhoneViewController.swift in Sources */,
				78DAA8342A7A31F800F77FD7 /* AppDelegate.swift in Sources */,
				78B614362A8A3AAC0011D7AE /* writePostViewController.swift in Sources */,
				EDEF37672A8E33BD002C0AEB /* inputInformationViewController.swift in Sources */,
				EDEF37562A8CEF85002C0AEB /* myPageViewController.swift in Sources */,
				78DAA8362A7A31F800F77FD7 /* SceneDelegate.swift in Sources */,
				78B614342A87E5280011D7AE /* AgreeViewController.swift in Sources */,
				78767FE02A8A790600E628CF /* LeftPaddingLabel.swift in Sources */,
				EDEF37582A8CEF9C002C0AEB /* serviceInfoViewController.swift in Sources */,
				EDEF37652A8E27F9002C0AEB /* secondStepViewController.swift in Sources */,
				78311C752A8553EE000A4C58 /* DetailViewController.swift in Sources */,
				EDEF37612A8E1876002C0AEB /* webKitViewController.swift in Sources */,
				78DAA8782A7B96BF00F77FD7 /* todayViewController.swift in Sources */,
				EDEF374E2A8CEF18002C0AEB /* borderClass.swift in Sources */,
				EDEF375F2A8CF072002C0AEB /* CategoryButton.swift in Sources */,
				78DAA8762A7B8A9B00F77FD7 /* borderStyle.swift in Sources */,
				EDEF37502A8CEF32002C0AEB /* defaultButton.swift in Sources */,
			);
			runOnlyForDeploymentPostprocessing = 0;
		};
		78DAA8422A7A31F900F77FD7 /* Sources */ = {
			isa = PBXSourcesBuildPhase;
			buildActionMask = 2147483647;
			files = (
				78DAA84B2A7A31F900F77FD7 /* GeumjiogyeopTests.swift in Sources */,
			);
			runOnlyForDeploymentPostprocessing = 0;
		};
		78DAA84C2A7A31F900F77FD7 /* Sources */ = {
			isa = PBXSourcesBuildPhase;
			buildActionMask = 2147483647;
			files = (
				78DAA8572A7A31F900F77FD7 /* GeumjiogyeopUITestsLaunchTests.swift in Sources */,
				78DAA8552A7A31F900F77FD7 /* GeumjiogyeopUITests.swift in Sources */,
			);
			runOnlyForDeploymentPostprocessing = 0;
		};
/* End PBXSourcesBuildPhase section */

/* Begin PBXTargetDependency section */
		78DAA8482A7A31F900F77FD7 /* PBXTargetDependency */ = {
			isa = PBXTargetDependency;
			target = 78DAA82F2A7A31F800F77FD7 /* Geumjiogyeop */;
			targetProxy = 78DAA8472A7A31F900F77FD7 /* PBXContainerItemProxy */;
		};
		78DAA8522A7A31F900F77FD7 /* PBXTargetDependency */ = {
			isa = PBXTargetDependency;
			target = 78DAA82F2A7A31F800F77FD7 /* Geumjiogyeop */;
			targetProxy = 78DAA8512A7A31F900F77FD7 /* PBXContainerItemProxy */;
		};
/* End PBXTargetDependency section */

/* Begin PBXVariantGroup section */
		78DAA8392A7A31F800F77FD7 /* Main.storyboard */ = {
			isa = PBXVariantGroup;
			children = (
				78DAA83A2A7A31F800F77FD7 /* Base */,
			);
			name = Main.storyboard;
			sourceTree = "<group>";
		};
		78DAA83E2A7A31F800F77FD7 /* LaunchScreen.storyboard */ = {
			isa = PBXVariantGroup;
			children = (
				78DAA83F2A7A31F800F77FD7 /* Base */,
			);
			name = LaunchScreen.storyboard;
			sourceTree = "<group>";
		};
/* End PBXVariantGroup section */

/* Begin XCBuildConfiguration section */
		78DAA8582A7A31F900F77FD7 /* Debug */ = {
			isa = XCBuildConfiguration;
			buildSettings = {
				ALWAYS_SEARCH_USER_PATHS = NO;
				CLANG_ANALYZER_NONNULL = YES;
				CLANG_ANALYZER_NUMBER_OBJECT_CONVERSION = YES_AGGRESSIVE;
				CLANG_CXX_LANGUAGE_STANDARD = "gnu++20";
				CLANG_ENABLE_MODULES = YES;
				CLANG_ENABLE_OBJC_ARC = YES;
				CLANG_ENABLE_OBJC_WEAK = YES;
				CLANG_WARN_BLOCK_CAPTURE_AUTORELEASING = YES;
				CLANG_WARN_BOOL_CONVERSION = YES;
				CLANG_WARN_COMMA = YES;
				CLANG_WARN_CONSTANT_CONVERSION = YES;
				CLANG_WARN_DEPRECATED_OBJC_IMPLEMENTATIONS = YES;
				CLANG_WARN_DIRECT_OBJC_ISA_USAGE = YES_ERROR;
				CLANG_WARN_DOCUMENTATION_COMMENTS = YES;
				CLANG_WARN_EMPTY_BODY = YES;
				CLANG_WARN_ENUM_CONVERSION = YES;
				CLANG_WARN_INFINITE_RECURSION = YES;
				CLANG_WARN_INT_CONVERSION = YES;
				CLANG_WARN_NON_LITERAL_NULL_CONVERSION = YES;
				CLANG_WARN_OBJC_IMPLICIT_RETAIN_SELF = YES;
				CLANG_WARN_OBJC_LITERAL_CONVERSION = YES;
				CLANG_WARN_OBJC_ROOT_CLASS = YES_ERROR;
				CLANG_WARN_QUOTED_INCLUDE_IN_FRAMEWORK_HEADER = YES;
				CLANG_WARN_RANGE_LOOP_ANALYSIS = YES;
				CLANG_WARN_STRICT_PROTOTYPES = YES;
				CLANG_WARN_SUSPICIOUS_MOVE = YES;
				CLANG_WARN_UNGUARDED_AVAILABILITY = YES_AGGRESSIVE;
				CLANG_WARN_UNREACHABLE_CODE = YES;
				CLANG_WARN__DUPLICATE_METHOD_MATCH = YES;
				COPY_PHASE_STRIP = NO;
				DEBUG_INFORMATION_FORMAT = dwarf;
				ENABLE_STRICT_OBJC_MSGSEND = YES;
				ENABLE_TESTABILITY = YES;
				GCC_C_LANGUAGE_STANDARD = gnu11;
				GCC_DYNAMIC_NO_PIC = NO;
				GCC_NO_COMMON_BLOCKS = YES;
				GCC_OPTIMIZATION_LEVEL = 0;
				GCC_PREPROCESSOR_DEFINITIONS = (
					"DEBUG=1",
					"$(inherited)",
				);
				GCC_WARN_64_TO_32_BIT_CONVERSION = YES;
				GCC_WARN_ABOUT_RETURN_TYPE = YES_ERROR;
				GCC_WARN_UNDECLARED_SELECTOR = YES;
				GCC_WARN_UNINITIALIZED_AUTOS = YES_AGGRESSIVE;
				GCC_WARN_UNUSED_FUNCTION = YES;
				GCC_WARN_UNUSED_VARIABLE = YES;
				IPHONEOS_DEPLOYMENT_TARGET = 16.2;
				MTL_ENABLE_DEBUG_INFO = INCLUDE_SOURCE;
				MTL_FAST_MATH = YES;
				ONLY_ACTIVE_ARCH = YES;
				SDKROOT = iphoneos;
				SWIFT_ACTIVE_COMPILATION_CONDITIONS = DEBUG;
				SWIFT_OPTIMIZATION_LEVEL = "-Onone";
			};
			name = Debug;
		};
		78DAA8592A7A31F900F77FD7 /* Release */ = {
			isa = XCBuildConfiguration;
			buildSettings = {
				ALWAYS_SEARCH_USER_PATHS = NO;
				CLANG_ANALYZER_NONNULL = YES;
				CLANG_ANALYZER_NUMBER_OBJECT_CONVERSION = YES_AGGRESSIVE;
				CLANG_CXX_LANGUAGE_STANDARD = "gnu++20";
				CLANG_ENABLE_MODULES = YES;
				CLANG_ENABLE_OBJC_ARC = YES;
				CLANG_ENABLE_OBJC_WEAK = YES;
				CLANG_WARN_BLOCK_CAPTURE_AUTORELEASING = YES;
				CLANG_WARN_BOOL_CONVERSION = YES;
				CLANG_WARN_COMMA = YES;
				CLANG_WARN_CONSTANT_CONVERSION = YES;
				CLANG_WARN_DEPRECATED_OBJC_IMPLEMENTATIONS = YES;
				CLANG_WARN_DIRECT_OBJC_ISA_USAGE = YES_ERROR;
				CLANG_WARN_DOCUMENTATION_COMMENTS = YES;
				CLANG_WARN_EMPTY_BODY = YES;
				CLANG_WARN_ENUM_CONVERSION = YES;
				CLANG_WARN_INFINITE_RECURSION = YES;
				CLANG_WARN_INT_CONVERSION = YES;
				CLANG_WARN_NON_LITERAL_NULL_CONVERSION = YES;
				CLANG_WARN_OBJC_IMPLICIT_RETAIN_SELF = YES;
				CLANG_WARN_OBJC_LITERAL_CONVERSION = YES;
				CLANG_WARN_OBJC_ROOT_CLASS = YES_ERROR;
				CLANG_WARN_QUOTED_INCLUDE_IN_FRAMEWORK_HEADER = YES;
				CLANG_WARN_RANGE_LOOP_ANALYSIS = YES;
				CLANG_WARN_STRICT_PROTOTYPES = YES;
				CLANG_WARN_SUSPICIOUS_MOVE = YES;
				CLANG_WARN_UNGUARDED_AVAILABILITY = YES_AGGRESSIVE;
				CLANG_WARN_UNREACHABLE_CODE = YES;
				CLANG_WARN__DUPLICATE_METHOD_MATCH = YES;
				COPY_PHASE_STRIP = NO;
				DEBUG_INFORMATION_FORMAT = "dwarf-with-dsym";
				ENABLE_NS_ASSERTIONS = NO;
				ENABLE_STRICT_OBJC_MSGSEND = YES;
				GCC_C_LANGUAGE_STANDARD = gnu11;
				GCC_NO_COMMON_BLOCKS = YES;
				GCC_WARN_64_TO_32_BIT_CONVERSION = YES;
				GCC_WARN_ABOUT_RETURN_TYPE = YES_ERROR;
				GCC_WARN_UNDECLARED_SELECTOR = YES;
				GCC_WARN_UNINITIALIZED_AUTOS = YES_AGGRESSIVE;
				GCC_WARN_UNUSED_FUNCTION = YES;
				GCC_WARN_UNUSED_VARIABLE = YES;
				IPHONEOS_DEPLOYMENT_TARGET = 16.2;
				MTL_ENABLE_DEBUG_INFO = NO;
				MTL_FAST_MATH = YES;
				SDKROOT = iphoneos;
				SWIFT_COMPILATION_MODE = wholemodule;
				SWIFT_OPTIMIZATION_LEVEL = "-O";
				VALIDATE_PRODUCT = YES;
			};
			name = Release;
		};
		78DAA85B2A7A31F900F77FD7 /* Debug */ = {
			isa = XCBuildConfiguration;
			baseConfigurationReference = 26F08E3C1A19B7C518187973 /* Pods-Geumjiogyeop.debug.xcconfig */;
			buildSettings = {
				ASSETCATALOG_COMPILER_APPICON_NAME = AppIcon;
				ASSETCATALOG_COMPILER_GLOBAL_ACCENT_COLOR_NAME = AccentColor;
				CODE_SIGN_STYLE = Automatic;
				CURRENT_PROJECT_VERSION = 1;
				DEVELOPMENT_TEAM = WJKNV9KXF2;
				GENERATE_INFOPLIST_FILE = YES;
				INFOPLIST_FILE = Geumjiogyeop/Info.plist;
				INFOPLIST_KEY_UIApplicationSupportsIndirectInputEvents = YES;
				INFOPLIST_KEY_UILaunchStoryboardName = LaunchScreen;
				INFOPLIST_KEY_UIMainStoryboardFile = Main;
				INFOPLIST_KEY_UISupportedInterfaceOrientations_iPad = "UIInterfaceOrientationPortrait UIInterfaceOrientationPortraitUpsideDown UIInterfaceOrientationLandscapeLeft UIInterfaceOrientationLandscapeRight";
				INFOPLIST_KEY_UISupportedInterfaceOrientations_iPhone = "UIInterfaceOrientationPortrait UIInterfaceOrientationLandscapeLeft UIInterfaceOrientationLandscapeRight";
				LD_RUNPATH_SEARCH_PATHS = (
					"$(inherited)",
					"@executable_path/Frameworks",
				);
				MARKETING_VERSION = 1.0;
				PRODUCT_BUNDLE_IDENTIFIER = "Lee-seoyeon.Geumjiogyeop";
				PRODUCT_NAME = "$(TARGET_NAME)";
				SWIFT_EMIT_LOC_STRINGS = YES;
				SWIFT_VERSION = 5.0;
				TARGETED_DEVICE_FAMILY = "1,2";
			};
			name = Debug;
		};
		78DAA85C2A7A31F900F77FD7 /* Release */ = {
			isa = XCBuildConfiguration;
			baseConfigurationReference = 191D17C0A74BE878F638094A /* Pods-Geumjiogyeop.release.xcconfig */;
			buildSettings = {
				ASSETCATALOG_COMPILER_APPICON_NAME = AppIcon;
				ASSETCATALOG_COMPILER_GLOBAL_ACCENT_COLOR_NAME = AccentColor;
				CODE_SIGN_STYLE = Automatic;
				CURRENT_PROJECT_VERSION = 1;
				DEVELOPMENT_TEAM = WJKNV9KXF2;
				GENERATE_INFOPLIST_FILE = YES;
				INFOPLIST_FILE = Geumjiogyeop/Info.plist;
				INFOPLIST_KEY_UIApplicationSupportsIndirectInputEvents = YES;
				INFOPLIST_KEY_UILaunchStoryboardName = LaunchScreen;
				INFOPLIST_KEY_UIMainStoryboardFile = Main;
				INFOPLIST_KEY_UISupportedInterfaceOrientations_iPad = "UIInterfaceOrientationPortrait UIInterfaceOrientationPortraitUpsideDown UIInterfaceOrientationLandscapeLeft UIInterfaceOrientationLandscapeRight";
				INFOPLIST_KEY_UISupportedInterfaceOrientations_iPhone = "UIInterfaceOrientationPortrait UIInterfaceOrientationLandscapeLeft UIInterfaceOrientationLandscapeRight";
				LD_RUNPATH_SEARCH_PATHS = (
					"$(inherited)",
					"@executable_path/Frameworks",
				);
				MARKETING_VERSION = 1.0;
				PRODUCT_BUNDLE_IDENTIFIER = "Lee-seoyeon.Geumjiogyeop";
				PRODUCT_NAME = "$(TARGET_NAME)";
				SWIFT_EMIT_LOC_STRINGS = YES;
				SWIFT_VERSION = 5.0;
				TARGETED_DEVICE_FAMILY = "1,2";
			};
			name = Release;
		};
		78DAA85E2A7A31F900F77FD7 /* Debug */ = {
			isa = XCBuildConfiguration;
			baseConfigurationReference = 0171ED1FED75DFF83BA58B2B /* Pods-GeumjiogyeopTests.debug.xcconfig */;
			buildSettings = {
				ALWAYS_EMBED_SWIFT_STANDARD_LIBRARIES = YES;
				BUNDLE_LOADER = "$(TEST_HOST)";
				CODE_SIGN_STYLE = Automatic;
				CURRENT_PROJECT_VERSION = 1;
				GENERATE_INFOPLIST_FILE = YES;
				IPHONEOS_DEPLOYMENT_TARGET = 16.2;
				MARKETING_VERSION = 1.0;
				PRODUCT_BUNDLE_IDENTIFIER = "Lee-seoyeon.GeumjiogyeopTests";
				PRODUCT_NAME = "$(TARGET_NAME)";
				SWIFT_EMIT_LOC_STRINGS = NO;
				SWIFT_VERSION = 5.0;
				TARGETED_DEVICE_FAMILY = "1,2";
				TEST_HOST = "$(BUILT_PRODUCTS_DIR)/Geumjiogyeop.app/$(BUNDLE_EXECUTABLE_FOLDER_PATH)/Geumjiogyeop";
			};
			name = Debug;
		};
		78DAA85F2A7A31F900F77FD7 /* Release */ = {
			isa = XCBuildConfiguration;
			baseConfigurationReference = CB45E8BE3CDB1C83989DFAF3 /* Pods-GeumjiogyeopTests.release.xcconfig */;
			buildSettings = {
				ALWAYS_EMBED_SWIFT_STANDARD_LIBRARIES = YES;
				BUNDLE_LOADER = "$(TEST_HOST)";
				CODE_SIGN_STYLE = Automatic;
				CURRENT_PROJECT_VERSION = 1;
				GENERATE_INFOPLIST_FILE = YES;
				IPHONEOS_DEPLOYMENT_TARGET = 16.2;
				MARKETING_VERSION = 1.0;
				PRODUCT_BUNDLE_IDENTIFIER = "Lee-seoyeon.GeumjiogyeopTests";
				PRODUCT_NAME = "$(TARGET_NAME)";
				SWIFT_EMIT_LOC_STRINGS = NO;
				SWIFT_VERSION = 5.0;
				TARGETED_DEVICE_FAMILY = "1,2";
				TEST_HOST = "$(BUILT_PRODUCTS_DIR)/Geumjiogyeop.app/$(BUNDLE_EXECUTABLE_FOLDER_PATH)/Geumjiogyeop";
			};
			name = Release;
		};
		78DAA8612A7A31F900F77FD7 /* Debug */ = {
			isa = XCBuildConfiguration;
			baseConfigurationReference = D66B381EA5F2ABF55F6D1A5B /* Pods-Geumjiogyeop-GeumjiogyeopUITests.debug.xcconfig */;
			buildSettings = {
				ALWAYS_EMBED_SWIFT_STANDARD_LIBRARIES = YES;
				CODE_SIGN_STYLE = Automatic;
				CURRENT_PROJECT_VERSION = 1;
				GENERATE_INFOPLIST_FILE = YES;
				MARKETING_VERSION = 1.0;
				PRODUCT_BUNDLE_IDENTIFIER = "Lee-seoyeon.GeumjiogyeopUITests";
				PRODUCT_NAME = "$(TARGET_NAME)";
				SWIFT_EMIT_LOC_STRINGS = NO;
				SWIFT_VERSION = 5.0;
				TARGETED_DEVICE_FAMILY = "1,2";
				TEST_TARGET_NAME = Geumjiogyeop;
			};
			name = Debug;
		};
		78DAA8622A7A31F900F77FD7 /* Release */ = {
			isa = XCBuildConfiguration;
			baseConfigurationReference = 1851E742552972EBAA1DE180 /* Pods-Geumjiogyeop-GeumjiogyeopUITests.release.xcconfig */;
			buildSettings = {
				ALWAYS_EMBED_SWIFT_STANDARD_LIBRARIES = YES;
				CODE_SIGN_STYLE = Automatic;
				CURRENT_PROJECT_VERSION = 1;
				GENERATE_INFOPLIST_FILE = YES;
				MARKETING_VERSION = 1.0;
				PRODUCT_BUNDLE_IDENTIFIER = "Lee-seoyeon.GeumjiogyeopUITests";
				PRODUCT_NAME = "$(TARGET_NAME)";
				SWIFT_EMIT_LOC_STRINGS = NO;
				SWIFT_VERSION = 5.0;
				TARGETED_DEVICE_FAMILY = "1,2";
				TEST_TARGET_NAME = Geumjiogyeop;
			};
			name = Release;
		};
/* End XCBuildConfiguration section */

/* Begin XCConfigurationList section */
		78DAA82B2A7A31F800F77FD7 /* Build configuration list for PBXProject "Geumjiogyeop" */ = {
			isa = XCConfigurationList;
			buildConfigurations = (
				78DAA8582A7A31F900F77FD7 /* Debug */,
				78DAA8592A7A31F900F77FD7 /* Release */,
			);
			defaultConfigurationIsVisible = 0;
			defaultConfigurationName = Release;
		};
		78DAA85A2A7A31F900F77FD7 /* Build configuration list for PBXNativeTarget "Geumjiogyeop" */ = {
			isa = XCConfigurationList;
			buildConfigurations = (
				78DAA85B2A7A31F900F77FD7 /* Debug */,
				78DAA85C2A7A31F900F77FD7 /* Release */,
			);
			defaultConfigurationIsVisible = 0;
			defaultConfigurationName = Release;
		};
		78DAA85D2A7A31F900F77FD7 /* Build configuration list for PBXNativeTarget "GeumjiogyeopTests" */ = {
			isa = XCConfigurationList;
			buildConfigurations = (
				78DAA85E2A7A31F900F77FD7 /* Debug */,
				78DAA85F2A7A31F900F77FD7 /* Release */,
			);
			defaultConfigurationIsVisible = 0;
			defaultConfigurationName = Release;
		};
		78DAA8602A7A31F900F77FD7 /* Build configuration list for PBXNativeTarget "GeumjiogyeopUITests" */ = {
			isa = XCConfigurationList;
			buildConfigurations = (
				78DAA8612A7A31F900F77FD7 /* Debug */,
				78DAA8622A7A31F900F77FD7 /* Release */,
			);
			defaultConfigurationIsVisible = 0;
			defaultConfigurationName = Release;
		};
/* End XCConfigurationList section */

/* Begin XCRemoteSwiftPackageReference section */
		78B6142C2A877BEB0011D7AE /* XCRemoteSwiftPackageReference "firebase-ios-sdk" */ = {
			isa = XCRemoteSwiftPackageReference;
			repositoryURL = "https://github.com/firebase/firebase-ios-sdk";
			requirement = {
				branch = master;
				kind = branch;
			};
		};
/* End XCRemoteSwiftPackageReference section */
	};
	rootObject = 78DAA8282A7A31F800F77FD7 /* Project object */;
}
